// !$*UTF8*$!
{
	archiveVersion = 1;
	classes = {
	};
	objectVersion = 55;
	objects = {

/* Begin PBXBuildFile section */
		43BDE8DD30B2D7A394F8B296 /* Pods_Hikids.framework in Frameworks */ = {isa = PBXBuildFile; fileRef = F8788F8B651400FC4EC71577 /* Pods_Hikids.framework */; };
		9E03E93B28F569E500C30577 /* HStudentStateView.m in Sources */ = {isa = PBXBuildFile; fileRef = 9E03E93A28F569E500C30577 /* HStudentStateView.m */; };
		9E0B546A28B21E620026CD86 /* AppDelegate.m in Sources */ = {isa = PBXBuildFile; fileRef = 9E0B546928B21E620026CD86 /* AppDelegate.m */; };
		9E0B547328B21E620026CD86 /* Main.storyboard in Resources */ = {isa = PBXBuildFile; fileRef = 9E0B547128B21E620026CD86 /* Main.storyboard */; };
		9E0B547528B21E660026CD86 /* Assets.xcassets in Resources */ = {isa = PBXBuildFile; fileRef = 9E0B547428B21E660026CD86 /* Assets.xcassets */; };
		9E0B547828B21E660026CD86 /* LaunchScreen.storyboard in Resources */ = {isa = PBXBuildFile; fileRef = 9E0B547628B21E660026CD86 /* LaunchScreen.storyboard */; };
		9E0B547B28B21E660026CD86 /* main.m in Sources */ = {isa = PBXBuildFile; fileRef = 9E0B547A28B21E660026CD86 /* main.m */; };
		9E17D19928EABD96005FA5A9 /* safe@2x.png in Resources */ = {isa = PBXBuildFile; fileRef = 9E17D19728EABD96005FA5A9 /* safe@2x.png */; };
		9E17D19A28EABD96005FA5A9 /* safe@3x.png in Resources */ = {isa = PBXBuildFile; fileRef = 9E17D19828EABD96005FA5A9 /* safe@3x.png */; };
		9E17D19D28EACD26005FA5A9 /* HSmallCardView.m in Sources */ = {isa = PBXBuildFile; fileRef = 9E17D19C28EACD26005FA5A9 /* HSmallCardView.m */; };
		9E17D1A228ED1E6B005FA5A9 /* dangerView@2x.png in Resources */ = {isa = PBXBuildFile; fileRef = 9E17D19E28ED1E6B005FA5A9 /* dangerView@2x.png */; };
		9E17D1A328ED1E6B005FA5A9 /* dangerView@3x.png in Resources */ = {isa = PBXBuildFile; fileRef = 9E17D19F28ED1E6B005FA5A9 /* dangerView@3x.png */; };
		9E17D1A428ED1E6B005FA5A9 /* safeView@3x.png in Resources */ = {isa = PBXBuildFile; fileRef = 9E17D1A028ED1E6B005FA5A9 /* safeView@3x.png */; };
		9E17D1A528ED1E6B005FA5A9 /* safeView@2x.png in Resources */ = {isa = PBXBuildFile; fileRef = 9E17D1A128ED1E6B005FA5A9 /* safeView@2x.png */; };
		9E17D1A928ED3750005FA5A9 /* JZLocationConverter.m in Sources */ = {isa = PBXBuildFile; fileRef = 9E17D1A728ED3750005FA5A9 /* JZLocationConverter.m */; };
		9E17D1B128ED38E9005FA5A9 /* HWalkMenuVC.m in Sources */ = {isa = PBXBuildFile; fileRef = 9E17D1B028ED38E9005FA5A9 /* HWalkMenuVC.m */; };
		9E17D1B528ED563F005FA5A9 /* backBtn@2x.png in Resources */ = {isa = PBXBuildFile; fileRef = 9E17D1B328ED563F005FA5A9 /* backBtn@2x.png */; };
		9E17D1B628ED563F005FA5A9 /* backBtn@3x.png in Resources */ = {isa = PBXBuildFile; fileRef = 9E17D1B428ED563F005FA5A9 /* backBtn@3x.png */; };
		9E17D1BA28ED6655005FA5A9 /* HMddView.m in Sources */ = {isa = PBXBuildFile; fileRef = 9E17D1B928ED6655005FA5A9 /* HMddView.m */; };
		9E17D1BD28ED68B5005FA5A9 /* default_mdd@3x.png in Resources */ = {isa = PBXBuildFile; fileRef = 9E17D1BB28ED68B5005FA5A9 /* default_mdd@3x.png */; };
		9E17D1BE28ED68B5005FA5A9 /* default_mdd@2x.png in Resources */ = {isa = PBXBuildFile; fileRef = 9E17D1BC28ED68B5005FA5A9 /* default_mdd@2x.png */; };
		9E17D1C128ED78DC005FA5A9 /* HStudentView.m in Sources */ = {isa = PBXBuildFile; fileRef = 9E17D1C028ED78DC005FA5A9 /* HStudentView.m */; };
		9E17D1C428EDAAF4005FA5A9 /* BWGetDestnationReq.m in Sources */ = {isa = PBXBuildFile; fileRef = 9E17D1C328EDAAF4005FA5A9 /* BWGetDestnationReq.m */; };
		9E17D1C728EDAB03005FA5A9 /* BWGetDestnationResp.m in Sources */ = {isa = PBXBuildFile; fileRef = 9E17D1C628EDAB03005FA5A9 /* BWGetDestnationResp.m */; };
		9E17D1CB28EDADD6005FA5A9 /* HDestnationModel.m in Sources */ = {isa = PBXBuildFile; fileRef = 9E17D1CA28EDADD6005FA5A9 /* HDestnationModel.m */; };
		9E17D1CE28EE7261005FA5A9 /* BWGetStudentReq.m in Sources */ = {isa = PBXBuildFile; fileRef = 9E17D1CD28EE7260005FA5A9 /* BWGetStudentReq.m */; };
		9E17D1D128EE7270005FA5A9 /* BWGetStudentResp.m in Sources */ = {isa = PBXBuildFile; fileRef = 9E17D1D028EE7270005FA5A9 /* BWGetStudentResp.m */; };
		9E17D1D428EE72AD005FA5A9 /* HStudent.m in Sources */ = {isa = PBXBuildFile; fileRef = 9E17D1D328EE72AD005FA5A9 /* HStudent.m */; };
		9E17D1D928EE7B85005FA5A9 /* walkStart@3x.png in Resources */ = {isa = PBXBuildFile; fileRef = 9E17D1D528EE7B85005FA5A9 /* walkStart@3x.png */; };
		9E17D1DA28EE7B85005FA5A9 /* walkStart_no@3x.png in Resources */ = {isa = PBXBuildFile; fileRef = 9E17D1D628EE7B85005FA5A9 /* walkStart_no@3x.png */; };
		9E17D1DB28EE7B85005FA5A9 /* walkStart_no@2x.png in Resources */ = {isa = PBXBuildFile; fileRef = 9E17D1D728EE7B85005FA5A9 /* walkStart_no@2x.png */; };
		9E17D1DC28EE7B85005FA5A9 /* walkStart@2x.png in Resources */ = {isa = PBXBuildFile; fileRef = 9E17D1D828EE7B85005FA5A9 /* walkStart@2x.png */; };
		9E17D1DF28EEAE9B005FA5A9 /* HTeacher.m in Sources */ = {isa = PBXBuildFile; fileRef = 9E17D1DE28EEAE9B005FA5A9 /* HTeacher.m */; };
		9E17D1E228EEAEA9005FA5A9 /* HTime.m in Sources */ = {isa = PBXBuildFile; fileRef = 9E17D1E128EEAEA9005FA5A9 /* HTime.m */; };
		9E17D1E528EEAF4B005FA5A9 /* HTitleView.m in Sources */ = {isa = PBXBuildFile; fileRef = 9E17D1E428EEAF4B005FA5A9 /* HTitleView.m */; };
		9E17D1E828F00385005FA5A9 /* BWGetAssistantReq.m in Sources */ = {isa = PBXBuildFile; fileRef = 9E17D1E728F00385005FA5A9 /* BWGetAssistantReq.m */; };
		9E17D1EB28F00398005FA5A9 /* BWGetAssistantResp.m in Sources */ = {isa = PBXBuildFile; fileRef = 9E17D1EA28F00398005FA5A9 /* BWGetAssistantResp.m */; };
		9E17D1EE28F005CB005FA5A9 /* BWDestnationInfoReq.m in Sources */ = {isa = PBXBuildFile; fileRef = 9E17D1ED28F005CB005FA5A9 /* BWDestnationInfoReq.m */; };
		9E17D1F128F005E1005FA5A9 /* BWDestnationInfoResp.m in Sources */ = {isa = PBXBuildFile; fileRef = 9E17D1F028F005E1005FA5A9 /* BWDestnationInfoResp.m */; };
		9E17D1F428F00CA5005FA5A9 /* HLocation.m in Sources */ = {isa = PBXBuildFile; fileRef = 9E17D1F328F00CA5005FA5A9 /* HLocation.m */; };
		9E17D1F728F03B6D005FA5A9 /* BWStudentLocationReq.m in Sources */ = {isa = PBXBuildFile; fileRef = 9E17D1F628F03B6D005FA5A9 /* BWStudentLocationReq.m */; };
		9E17D1FA28F03B83005FA5A9 /* BWStudentLocationResp.m in Sources */ = {isa = PBXBuildFile; fileRef = 9E17D1F928F03B83005FA5A9 /* BWStudentLocationResp.m */; };
		9E1F219E28E168E000C5041B /* nav_background@3x.png in Resources */ = {isa = PBXBuildFile; fileRef = 9E1F219C28E168E000C5041B /* nav_background@3x.png */; };
		9E1F219F28E168E000C5041B /* nav_background@2x.png in Resources */ = {isa = PBXBuildFile; fileRef = 9E1F219D28E168E000C5041B /* nav_background@2x.png */; };
		9E1F21A228E16A6300C5041B /* HBaseMenuVC.m in Sources */ = {isa = PBXBuildFile; fileRef = 9E1F21A128E16A6300C5041B /* HBaseMenuVC.m */; };
		9E1F21A628E16E4300C5041B /* HSleepVC.m in Sources */ = {isa = PBXBuildFile; fileRef = 9E1F21A528E16E4300C5041B /* HSleepVC.m */; };
		9E1F21AB28E1722500C5041B /* menu_header@3x.png in Resources */ = {isa = PBXBuildFile; fileRef = 9E1F21A928E1722500C5041B /* menu_header@3x.png */; };
		9E1F21AC28E1722500C5041B /* menu_header@2x.png in Resources */ = {isa = PBXBuildFile; fileRef = 9E1F21AA28E1722500C5041B /* menu_header@2x.png */; };
		9E1F21AF28E174AA00C5041B /* line@2x.png in Resources */ = {isa = PBXBuildFile; fileRef = 9E1F21AD28E174AA00C5041B /* line@2x.png */; };
		9E1F21B028E174AA00C5041B /* line@3x.png in Resources */ = {isa = PBXBuildFile; fileRef = 9E1F21AE28E174AA00C5041B /* line@3x.png */; };
		9E1F21B328E1790900C5041B /* HMenuHomeVC.m in Sources */ = {isa = PBXBuildFile; fileRef = 9E1F21B228E1790900C5041B /* HMenuHomeVC.m */; };
		9E1F21B928E1805700C5041B /* btn_menu_sleep@2x.png in Resources */ = {isa = PBXBuildFile; fileRef = 9E1F21B528E1805700C5041B /* btn_menu_sleep@2x.png */; };
		9E1F21BA28E1805700C5041B /* btn_menu_sleep@3x.png in Resources */ = {isa = PBXBuildFile; fileRef = 9E1F21B628E1805700C5041B /* btn_menu_sleep@3x.png */; };
		9E1F21BB28E1805700C5041B /* btn_menu_walk@3x.png in Resources */ = {isa = PBXBuildFile; fileRef = 9E1F21B728E1805700C5041B /* btn_menu_walk@3x.png */; };
		9E1F21BC28E1805700C5041B /* btn_menu_walk@2x.png in Resources */ = {isa = PBXBuildFile; fileRef = 9E1F21B828E1805700C5041B /* btn_menu_walk@2x.png */; };
		9E1F21BF28E1924B00C5041B /* HMenuSleepVC.m in Sources */ = {isa = PBXBuildFile; fileRef = 9E1F21BE28E1924B00C5041B /* HMenuSleepVC.m */; };
		9E1F21C328E1972400C5041B /* HWalkVC.m in Sources */ = {isa = PBXBuildFile; fileRef = 9E1F21C228E1972400C5041B /* HWalkVC.m */; };
		9E1F21C828E1A0CC00C5041B /* HHomeStateCell.m in Sources */ = {isa = PBXBuildFile; fileRef = 9E1F21C728E1A0CC00C5041B /* HHomeStateCell.m */; };
		9E1F21D228E2D1E900C5041B /* triangle_small@3x.png in Resources */ = {isa = PBXBuildFile; fileRef = 9E1F21C928E2D1E800C5041B /* triangle_small@3x.png */; };
		9E1F21D328E2D1E900C5041B /* triangle_small@2x.png in Resources */ = {isa = PBXBuildFile; fileRef = 9E1F21CA28E2D1E800C5041B /* triangle_small@2x.png */; };
		9E2DF80028B2209E00B0C9DA /* BWLoginReq.m in Sources */ = {isa = PBXBuildFile; fileRef = 9E2DF7F328B2209E00B0C9DA /* BWLoginReq.m */; };
		9E2DF80128B2209E00B0C9DA /* BWBaseReq.m in Sources */ = {isa = PBXBuildFile; fileRef = 9E2DF7F428B2209E00B0C9DA /* BWBaseReq.m */; };
		9E2DF80228B2209E00B0C9DA /* BWNetManager.m in Sources */ = {isa = PBXBuildFile; fileRef = 9E2DF7F628B2209E00B0C9DA /* BWNetManager.m */; };
		9E2DF80328B2209E00B0C9DA /* BWLoginResp.m in Sources */ = {isa = PBXBuildFile; fileRef = 9E2DF7FE28B2209E00B0C9DA /* BWLoginResp.m */; };
		9E2DF80428B2209E00B0C9DA /* BWBaseResp.m in Sources */ = {isa = PBXBuildFile; fileRef = 9E2DF7FF28B2209E00B0C9DA /* BWBaseResp.m */; };
		9E2DF80A28B2219300B0C9DA /* BaseVC.m in Sources */ = {isa = PBXBuildFile; fileRef = 9E2DF80928B2219300B0C9DA /* BaseVC.m */; };
		9E2DF80D28B221F500B0C9DA /* BaseNavigationVC.m in Sources */ = {isa = PBXBuildFile; fileRef = 9E2DF80C28B221F500B0C9DA /* BaseNavigationVC.m */; };
		9E2DF81B28B2225500B0C9DA /* BWAlertCtrl.m in Sources */ = {isa = PBXBuildFile; fileRef = 9E2DF81028B2225500B0C9DA /* BWAlertCtrl.m */; };
		9E2DF81C28B2225500B0C9DA /* NSDictionary+safe.m in Sources */ = {isa = PBXBuildFile; fileRef = 9E2DF81528B2225500B0C9DA /* NSDictionary+safe.m */; };
		9E2DF81D28B2225500B0C9DA /* NSArray+safe.m in Sources */ = {isa = PBXBuildFile; fileRef = 9E2DF81628B2225500B0C9DA /* NSArray+safe.m */; };
		9E2DF81E28B2225500B0C9DA /* BWTools.m in Sources */ = {isa = PBXBuildFile; fileRef = 9E2DF81728B2225500B0C9DA /* BWTools.m */; };
		9E2DF81F28B2225500B0C9DA /* BWFileManager.m in Sources */ = {isa = PBXBuildFile; fileRef = 9E2DF81828B2225500B0C9DA /* BWFileManager.m */; };
		9E2DF83628B223AD00B0C9DA /* HRootVC.m in Sources */ = {isa = PBXBuildFile; fileRef = 9E2DF83528B223AD00B0C9DA /* HRootVC.m */; };
		9E2DF84328B2596600B0C9DA /* HMapVC.m in Sources */ = {isa = PBXBuildFile; fileRef = 9E2DF84228B2596600B0C9DA /* HMapVC.m */; };
		9E2DF84628B2606F00B0C9DA /* HCustomNavigationView.m in Sources */ = {isa = PBXBuildFile; fileRef = 9E2DF84528B2606F00B0C9DA /* HCustomNavigationView.m */; };
		9E42E69828D86F2900F0D7EA /* UIScrollView+TPKeyboardAvoidingAdditions.m in Sources */ = {isa = PBXBuildFile; fileRef = 9E42E69528D86F2900F0D7EA /* UIScrollView+TPKeyboardAvoidingAdditions.m */; };
		9E42E69928D86F2900F0D7EA /* TPKeyboardAvoidingScrollView.m in Sources */ = {isa = PBXBuildFile; fileRef = 9E42E69628D86F2900F0D7EA /* TPKeyboardAvoidingScrollView.m */; };
		9E8344B828C7912C00AB9D83 /* BWCheckTokenReq.m in Sources */ = {isa = PBXBuildFile; fileRef = 9E8344B728C7912C00AB9D83 /* BWCheckTokenReq.m */; };
		9E8344BB28C7913E00AB9D83 /* BWCheckTokenResp.m in Sources */ = {isa = PBXBuildFile; fileRef = 9E8344BA28C7913E00AB9D83 /* BWCheckTokenResp.m */; };
		9EC72A2128D8349A00494A74 /* InfoPlist.strings in Resources */ = {isa = PBXBuildFile; fileRef = 9EC72A2328D8349A00494A74 /* InfoPlist.strings */; };
		9EC72A2728D8357A00494A74 /* Localizable.strings in Resources */ = {isa = PBXBuildFile; fileRef = 9EC72A2928D8357A00494A74 /* Localizable.strings */; };
		9EC72A3128D8394F00494A74 /* MBProgressHUD+ShowMessage.m in Sources */ = {isa = PBXBuildFile; fileRef = 9EC72A3028D8394F00494A74 /* MBProgressHUD+ShowMessage.m */; };
		9EC72A3528D84FFA00494A74 /* HInputView.m in Sources */ = {isa = PBXBuildFile; fileRef = 9EC72A3428D84FFA00494A74 /* HInputView.m */; };
		9EDAFE4A28C4CDBA00FA9B5F /* HLoginVC.m in Sources */ = {isa = PBXBuildFile; fileRef = 9EDAFE4928C4CDBA00FA9B5F /* HLoginVC.m */; };
		9EF21B2A28D985050075CFF0 /* btn_login_unavailable@2x.png in Resources */ = {isa = PBXBuildFile; fileRef = 9EF21B1828D985050075CFF0 /* btn_login_unavailable@2x.png */; };
		9EF21B2B28D985050075CFF0 /* btn_login_unavailable@3x.png in Resources */ = {isa = PBXBuildFile; fileRef = 9EF21B1928D985050075CFF0 /* btn_login_unavailable@3x.png */; };
		9EF21B2C28D985050075CFF0 /* help@2x.png in Resources */ = {isa = PBXBuildFile; fileRef = 9EF21B1A28D985050075CFF0 /* help@2x.png */; };
		9EF21B2D28D985050075CFF0 /* help@3x.png in Resources */ = {isa = PBXBuildFile; fileRef = 9EF21B1B28D985050075CFF0 /* help@3x.png */; };
		9EF21B2E28D985050075CFF0 /* icon_mail@3x.png in Resources */ = {isa = PBXBuildFile; fileRef = 9EF21B1C28D985050075CFF0 /* icon_mail@3x.png */; };
		9EF21B2F28D985050075CFF0 /* icon_check@2x.png in Resources */ = {isa = PBXBuildFile; fileRef = 9EF21B1D28D985050075CFF0 /* icon_check@2x.png */; };
		9EF21B3028D985050075CFF0 /* logo@3x.png in Resources */ = {isa = PBXBuildFile; fileRef = 9EF21B1E28D985050075CFF0 /* logo@3x.png */; };
		9EF21B3128D985050075CFF0 /* TextArea_Login@3x.png in Resources */ = {isa = PBXBuildFile; fileRef = 9EF21B1F28D985050075CFF0 /* TextArea_Login@3x.png */; };
		9EF21B3228D985050075CFF0 /* TextArea_Login@2x.png in Resources */ = {isa = PBXBuildFile; fileRef = 9EF21B2028D985050075CFF0 /* TextArea_Login@2x.png */; };
		9EF21B3328D985050075CFF0 /* logo@2x.png in Resources */ = {isa = PBXBuildFile; fileRef = 9EF21B2128D985050075CFF0 /* logo@2x.png */; };
		9EF21B3428D985050075CFF0 /* icon_check@3x.png in Resources */ = {isa = PBXBuildFile; fileRef = 9EF21B2228D985050075CFF0 /* icon_check@3x.png */; };
		9EF21B3528D985050075CFF0 /* icon_mail@2x.png in Resources */ = {isa = PBXBuildFile; fileRef = 9EF21B2328D985050075CFF0 /* icon_mail@2x.png */; };
		9EF21B3628D985050075CFF0 /* btn_login_available@3x.png in Resources */ = {isa = PBXBuildFile; fileRef = 9EF21B2428D985050075CFF0 /* btn_login_available@3x.png */; };
		9EF21B3728D985050075CFF0 /* icon_password@2x.png in Resources */ = {isa = PBXBuildFile; fileRef = 9EF21B2528D985050075CFF0 /* icon_password@2x.png */; };
		9EF21B3828D985050075CFF0 /* icon_checked@3x.png in Resources */ = {isa = PBXBuildFile; fileRef = 9EF21B2628D985050075CFF0 /* icon_checked@3x.png */; };
		9EF21B3928D985050075CFF0 /* icon_checked@2x.png in Resources */ = {isa = PBXBuildFile; fileRef = 9EF21B2728D985050075CFF0 /* icon_checked@2x.png */; };
		9EF21B3A28D985050075CFF0 /* icon_password@3x.png in Resources */ = {isa = PBXBuildFile; fileRef = 9EF21B2828D985050075CFF0 /* icon_password@3x.png */; };
		9EF21B3B28D985050075CFF0 /* btn_login_available@2x.png in Resources */ = {isa = PBXBuildFile; fileRef = 9EF21B2928D985050075CFF0 /* btn_login_available@2x.png */; };
/* End PBXBuildFile section */

/* Begin PBXFileReference section */
		33281BEE1161C470B4E9D572 /* Pods-Hikids.release.xcconfig */ = {isa = PBXFileReference; includeInIndex = 1; lastKnownFileType = text.xcconfig; name = "Pods-Hikids.release.xcconfig"; path = "Target Support Files/Pods-Hikids/Pods-Hikids.release.xcconfig"; sourceTree = "<group>"; };
		9640EDA3F4B6876B5095B9E8 /* Pods-Hikids.debug.xcconfig */ = {isa = PBXFileReference; includeInIndex = 1; lastKnownFileType = text.xcconfig; name = "Pods-Hikids.debug.xcconfig"; path = "Target Support Files/Pods-Hikids/Pods-Hikids.debug.xcconfig"; sourceTree = "<group>"; };
		9E03E93928F569E500C30577 /* HStudentStateView.h */ = {isa = PBXFileReference; lastKnownFileType = sourcecode.c.h; path = HStudentStateView.h; sourceTree = "<group>"; };
		9E03E93A28F569E500C30577 /* HStudentStateView.m */ = {isa = PBXFileReference; lastKnownFileType = sourcecode.c.objc; path = HStudentStateView.m; sourceTree = "<group>"; };
		9E0B546528B21E620026CD86 /* Hikids.app */ = {isa = PBXFileReference; explicitFileType = wrapper.application; includeInIndex = 0; path = Hikids.app; sourceTree = BUILT_PRODUCTS_DIR; };
		9E0B546828B21E620026CD86 /* AppDelegate.h */ = {isa = PBXFileReference; lastKnownFileType = sourcecode.c.h; path = AppDelegate.h; sourceTree = "<group>"; };
		9E0B546928B21E620026CD86 /* AppDelegate.m */ = {isa = PBXFileReference; lastKnownFileType = sourcecode.c.objc; path = AppDelegate.m; sourceTree = "<group>"; };
		9E0B547228B21E620026CD86 /* Base */ = {isa = PBXFileReference; lastKnownFileType = file.storyboard; name = Base; path = Base.lproj/Main.storyboard; sourceTree = "<group>"; };
		9E0B547428B21E660026CD86 /* Assets.xcassets */ = {isa = PBXFileReference; lastKnownFileType = folder.assetcatalog; path = Assets.xcassets; sourceTree = "<group>"; };
		9E0B547728B21E660026CD86 /* Base */ = {isa = PBXFileReference; lastKnownFileType = file.storyboard; name = Base; path = Base.lproj/LaunchScreen.storyboard; sourceTree = "<group>"; };
		9E0B547928B21E660026CD86 /* Info.plist */ = {isa = PBXFileReference; lastKnownFileType = text.plist.xml; path = Info.plist; sourceTree = "<group>"; };
		9E0B547A28B21E660026CD86 /* main.m */ = {isa = PBXFileReference; lastKnownFileType = sourcecode.c.objc; path = main.m; sourceTree = "<group>"; };
		9E17D19728EABD96005FA5A9 /* safe@2x.png */ = {isa = PBXFileReference; lastKnownFileType = image.png; path = "safe@2x.png"; sourceTree = "<group>"; };
		9E17D19828EABD96005FA5A9 /* safe@3x.png */ = {isa = PBXFileReference; lastKnownFileType = image.png; path = "safe@3x.png"; sourceTree = "<group>"; };
		9E17D19B28EACD26005FA5A9 /* HSmallCardView.h */ = {isa = PBXFileReference; lastKnownFileType = sourcecode.c.h; path = HSmallCardView.h; sourceTree = "<group>"; };
		9E17D19C28EACD26005FA5A9 /* HSmallCardView.m */ = {isa = PBXFileReference; lastKnownFileType = sourcecode.c.objc; path = HSmallCardView.m; sourceTree = "<group>"; };
		9E17D19E28ED1E6B005FA5A9 /* dangerView@2x.png */ = {isa = PBXFileReference; lastKnownFileType = image.png; path = "dangerView@2x.png"; sourceTree = "<group>"; };
		9E17D19F28ED1E6B005FA5A9 /* dangerView@3x.png */ = {isa = PBXFileReference; lastKnownFileType = image.png; path = "dangerView@3x.png"; sourceTree = "<group>"; };
		9E17D1A028ED1E6B005FA5A9 /* safeView@3x.png */ = {isa = PBXFileReference; lastKnownFileType = image.png; path = "safeView@3x.png"; sourceTree = "<group>"; };
		9E17D1A128ED1E6B005FA5A9 /* safeView@2x.png */ = {isa = PBXFileReference; lastKnownFileType = image.png; path = "safeView@2x.png"; sourceTree = "<group>"; };
		9E17D1A728ED3750005FA5A9 /* JZLocationConverter.m */ = {isa = PBXFileReference; fileEncoding = 4; lastKnownFileType = sourcecode.c.objc; path = JZLocationConverter.m; sourceTree = "<group>"; };
		9E17D1A828ED3750005FA5A9 /* JZLocationConverter.h */ = {isa = PBXFileReference; fileEncoding = 4; lastKnownFileType = sourcecode.c.h; path = JZLocationConverter.h; sourceTree = "<group>"; };
		9E17D1AF28ED38E9005FA5A9 /* HWalkMenuVC.h */ = {isa = PBXFileReference; lastKnownFileType = sourcecode.c.h; path = HWalkMenuVC.h; sourceTree = "<group>"; };
		9E17D1B028ED38E9005FA5A9 /* HWalkMenuVC.m */ = {isa = PBXFileReference; lastKnownFileType = sourcecode.c.objc; path = HWalkMenuVC.m; sourceTree = "<group>"; };
		9E17D1B328ED563F005FA5A9 /* backBtn@2x.png */ = {isa = PBXFileReference; lastKnownFileType = image.png; path = "backBtn@2x.png"; sourceTree = "<group>"; };
		9E17D1B428ED563F005FA5A9 /* backBtn@3x.png */ = {isa = PBXFileReference; lastKnownFileType = image.png; path = "backBtn@3x.png"; sourceTree = "<group>"; };
		9E17D1B828ED6655005FA5A9 /* HMddView.h */ = {isa = PBXFileReference; lastKnownFileType = sourcecode.c.h; path = HMddView.h; sourceTree = "<group>"; };
		9E17D1B928ED6655005FA5A9 /* HMddView.m */ = {isa = PBXFileReference; lastKnownFileType = sourcecode.c.objc; path = HMddView.m; sourceTree = "<group>"; };
		9E17D1BB28ED68B5005FA5A9 /* default_mdd@3x.png */ = {isa = PBXFileReference; lastKnownFileType = image.png; path = "default_mdd@3x.png"; sourceTree = "<group>"; };
		9E17D1BC28ED68B5005FA5A9 /* default_mdd@2x.png */ = {isa = PBXFileReference; lastKnownFileType = image.png; path = "default_mdd@2x.png"; sourceTree = "<group>"; };
		9E17D1BF28ED78DC005FA5A9 /* HStudentView.h */ = {isa = PBXFileReference; lastKnownFileType = sourcecode.c.h; path = HStudentView.h; sourceTree = "<group>"; };
		9E17D1C028ED78DC005FA5A9 /* HStudentView.m */ = {isa = PBXFileReference; lastKnownFileType = sourcecode.c.objc; path = HStudentView.m; sourceTree = "<group>"; };
		9E17D1C228EDAAF4005FA5A9 /* BWGetDestnationReq.h */ = {isa = PBXFileReference; lastKnownFileType = sourcecode.c.h; path = BWGetDestnationReq.h; sourceTree = "<group>"; };
		9E17D1C328EDAAF4005FA5A9 /* BWGetDestnationReq.m */ = {isa = PBXFileReference; lastKnownFileType = sourcecode.c.objc; path = BWGetDestnationReq.m; sourceTree = "<group>"; };
		9E17D1C528EDAB03005FA5A9 /* BWGetDestnationResp.h */ = {isa = PBXFileReference; lastKnownFileType = sourcecode.c.h; path = BWGetDestnationResp.h; sourceTree = "<group>"; };
		9E17D1C628EDAB03005FA5A9 /* BWGetDestnationResp.m */ = {isa = PBXFileReference; lastKnownFileType = sourcecode.c.objc; path = BWGetDestnationResp.m; sourceTree = "<group>"; };
		9E17D1C928EDADD6005FA5A9 /* HDestnationModel.h */ = {isa = PBXFileReference; lastKnownFileType = sourcecode.c.h; path = HDestnationModel.h; sourceTree = "<group>"; };
		9E17D1CA28EDADD6005FA5A9 /* HDestnationModel.m */ = {isa = PBXFileReference; lastKnownFileType = sourcecode.c.objc; path = HDestnationModel.m; sourceTree = "<group>"; };
		9E17D1CC28EE7260005FA5A9 /* BWGetStudentReq.h */ = {isa = PBXFileReference; lastKnownFileType = sourcecode.c.h; path = BWGetStudentReq.h; sourceTree = "<group>"; };
		9E17D1CD28EE7260005FA5A9 /* BWGetStudentReq.m */ = {isa = PBXFileReference; lastKnownFileType = sourcecode.c.objc; path = BWGetStudentReq.m; sourceTree = "<group>"; };
		9E17D1CF28EE7270005FA5A9 /* BWGetStudentResp.h */ = {isa = PBXFileReference; lastKnownFileType = sourcecode.c.h; path = BWGetStudentResp.h; sourceTree = "<group>"; };
		9E17D1D028EE7270005FA5A9 /* BWGetStudentResp.m */ = {isa = PBXFileReference; lastKnownFileType = sourcecode.c.objc; path = BWGetStudentResp.m; sourceTree = "<group>"; };
		9E17D1D228EE72AD005FA5A9 /* HStudent.h */ = {isa = PBXFileReference; lastKnownFileType = sourcecode.c.h; path = HStudent.h; sourceTree = "<group>"; };
		9E17D1D328EE72AD005FA5A9 /* HStudent.m */ = {isa = PBXFileReference; lastKnownFileType = sourcecode.c.objc; path = HStudent.m; sourceTree = "<group>"; };
		9E17D1D528EE7B85005FA5A9 /* walkStart@3x.png */ = {isa = PBXFileReference; lastKnownFileType = image.png; path = "walkStart@3x.png"; sourceTree = "<group>"; };
		9E17D1D628EE7B85005FA5A9 /* walkStart_no@3x.png */ = {isa = PBXFileReference; lastKnownFileType = image.png; path = "walkStart_no@3x.png"; sourceTree = "<group>"; };
		9E17D1D728EE7B85005FA5A9 /* walkStart_no@2x.png */ = {isa = PBXFileReference; lastKnownFileType = image.png; path = "walkStart_no@2x.png"; sourceTree = "<group>"; };
		9E17D1D828EE7B85005FA5A9 /* walkStart@2x.png */ = {isa = PBXFileReference; lastKnownFileType = image.png; path = "walkStart@2x.png"; sourceTree = "<group>"; };
		9E17D1DD28EEAE9B005FA5A9 /* HTeacher.h */ = {isa = PBXFileReference; lastKnownFileType = sourcecode.c.h; path = HTeacher.h; sourceTree = "<group>"; };
		9E17D1DE28EEAE9B005FA5A9 /* HTeacher.m */ = {isa = PBXFileReference; lastKnownFileType = sourcecode.c.objc; path = HTeacher.m; sourceTree = "<group>"; };
		9E17D1E028EEAEA9005FA5A9 /* HTime.h */ = {isa = PBXFileReference; lastKnownFileType = sourcecode.c.h; path = HTime.h; sourceTree = "<group>"; };
		9E17D1E128EEAEA9005FA5A9 /* HTime.m */ = {isa = PBXFileReference; lastKnownFileType = sourcecode.c.objc; path = HTime.m; sourceTree = "<group>"; };
		9E17D1E328EEAF4B005FA5A9 /* HTitleView.h */ = {isa = PBXFileReference; lastKnownFileType = sourcecode.c.h; path = HTitleView.h; sourceTree = "<group>"; };
		9E17D1E428EEAF4B005FA5A9 /* HTitleView.m */ = {isa = PBXFileReference; lastKnownFileType = sourcecode.c.objc; path = HTitleView.m; sourceTree = "<group>"; };
		9E17D1E628F00385005FA5A9 /* BWGetAssistantReq.h */ = {isa = PBXFileReference; lastKnownFileType = sourcecode.c.h; path = BWGetAssistantReq.h; sourceTree = "<group>"; };
		9E17D1E728F00385005FA5A9 /* BWGetAssistantReq.m */ = {isa = PBXFileReference; lastKnownFileType = sourcecode.c.objc; path = BWGetAssistantReq.m; sourceTree = "<group>"; };
		9E17D1E928F00398005FA5A9 /* BWGetAssistantResp.h */ = {isa = PBXFileReference; lastKnownFileType = sourcecode.c.h; path = BWGetAssistantResp.h; sourceTree = "<group>"; };
		9E17D1EA28F00398005FA5A9 /* BWGetAssistantResp.m */ = {isa = PBXFileReference; lastKnownFileType = sourcecode.c.objc; path = BWGetAssistantResp.m; sourceTree = "<group>"; };
		9E17D1EC28F005CB005FA5A9 /* BWDestnationInfoReq.h */ = {isa = PBXFileReference; lastKnownFileType = sourcecode.c.h; path = BWDestnationInfoReq.h; sourceTree = "<group>"; };
		9E17D1ED28F005CB005FA5A9 /* BWDestnationInfoReq.m */ = {isa = PBXFileReference; lastKnownFileType = sourcecode.c.objc; path = BWDestnationInfoReq.m; sourceTree = "<group>"; };
		9E17D1EF28F005E1005FA5A9 /* BWDestnationInfoResp.h */ = {isa = PBXFileReference; lastKnownFileType = sourcecode.c.h; path = BWDestnationInfoResp.h; sourceTree = "<group>"; };
		9E17D1F028F005E1005FA5A9 /* BWDestnationInfoResp.m */ = {isa = PBXFileReference; lastKnownFileType = sourcecode.c.objc; path = BWDestnationInfoResp.m; sourceTree = "<group>"; };
		9E17D1F228F00CA5005FA5A9 /* HLocation.h */ = {isa = PBXFileReference; lastKnownFileType = sourcecode.c.h; path = HLocation.h; sourceTree = "<group>"; };
		9E17D1F328F00CA5005FA5A9 /* HLocation.m */ = {isa = PBXFileReference; lastKnownFileType = sourcecode.c.objc; path = HLocation.m; sourceTree = "<group>"; };
		9E17D1F528F03B6D005FA5A9 /* BWStudentLocationReq.h */ = {isa = PBXFileReference; lastKnownFileType = sourcecode.c.h; path = BWStudentLocationReq.h; sourceTree = "<group>"; };
		9E17D1F628F03B6D005FA5A9 /* BWStudentLocationReq.m */ = {isa = PBXFileReference; lastKnownFileType = sourcecode.c.objc; path = BWStudentLocationReq.m; sourceTree = "<group>"; };
		9E17D1F828F03B83005FA5A9 /* BWStudentLocationResp.h */ = {isa = PBXFileReference; lastKnownFileType = sourcecode.c.h; path = BWStudentLocationResp.h; sourceTree = "<group>"; };
		9E17D1F928F03B83005FA5A9 /* BWStudentLocationResp.m */ = {isa = PBXFileReference; lastKnownFileType = sourcecode.c.objc; path = BWStudentLocationResp.m; sourceTree = "<group>"; };
		9E1F219C28E168E000C5041B /* nav_background@3x.png */ = {isa = PBXFileReference; lastKnownFileType = image.png; path = "nav_background@3x.png"; sourceTree = "<group>"; };
		9E1F219D28E168E000C5041B /* nav_background@2x.png */ = {isa = PBXFileReference; lastKnownFileType = image.png; path = "nav_background@2x.png"; sourceTree = "<group>"; };
		9E1F21A028E16A6300C5041B /* HBaseMenuVC.h */ = {isa = PBXFileReference; lastKnownFileType = sourcecode.c.h; path = HBaseMenuVC.h; sourceTree = "<group>"; };
		9E1F21A128E16A6300C5041B /* HBaseMenuVC.m */ = {isa = PBXFileReference; lastKnownFileType = sourcecode.c.objc; path = HBaseMenuVC.m; sourceTree = "<group>"; };
		9E1F21A428E16E4300C5041B /* HSleepVC.h */ = {isa = PBXFileReference; lastKnownFileType = sourcecode.c.h; path = HSleepVC.h; sourceTree = "<group>"; };
		9E1F21A528E16E4300C5041B /* HSleepVC.m */ = {isa = PBXFileReference; lastKnownFileType = sourcecode.c.objc; path = HSleepVC.m; sourceTree = "<group>"; };
		9E1F21A928E1722500C5041B /* menu_header@3x.png */ = {isa = PBXFileReference; lastKnownFileType = image.png; path = "menu_header@3x.png"; sourceTree = "<group>"; };
		9E1F21AA28E1722500C5041B /* menu_header@2x.png */ = {isa = PBXFileReference; lastKnownFileType = image.png; path = "menu_header@2x.png"; sourceTree = "<group>"; };
		9E1F21AD28E174AA00C5041B /* line@2x.png */ = {isa = PBXFileReference; lastKnownFileType = image.png; path = "line@2x.png"; sourceTree = "<group>"; };
		9E1F21AE28E174AA00C5041B /* line@3x.png */ = {isa = PBXFileReference; lastKnownFileType = image.png; path = "line@3x.png"; sourceTree = "<group>"; };
		9E1F21B128E1790900C5041B /* HMenuHomeVC.h */ = {isa = PBXFileReference; lastKnownFileType = sourcecode.c.h; path = HMenuHomeVC.h; sourceTree = "<group>"; };
		9E1F21B228E1790900C5041B /* HMenuHomeVC.m */ = {isa = PBXFileReference; lastKnownFileType = sourcecode.c.objc; path = HMenuHomeVC.m; sourceTree = "<group>"; };
		9E1F21B528E1805700C5041B /* btn_menu_sleep@2x.png */ = {isa = PBXFileReference; lastKnownFileType = image.png; path = "btn_menu_sleep@2x.png"; sourceTree = "<group>"; };
		9E1F21B628E1805700C5041B /* btn_menu_sleep@3x.png */ = {isa = PBXFileReference; lastKnownFileType = image.png; path = "btn_menu_sleep@3x.png"; sourceTree = "<group>"; };
		9E1F21B728E1805700C5041B /* btn_menu_walk@3x.png */ = {isa = PBXFileReference; lastKnownFileType = image.png; path = "btn_menu_walk@3x.png"; sourceTree = "<group>"; };
		9E1F21B828E1805700C5041B /* btn_menu_walk@2x.png */ = {isa = PBXFileReference; lastKnownFileType = image.png; path = "btn_menu_walk@2x.png"; sourceTree = "<group>"; };
		9E1F21BD28E1924B00C5041B /* HMenuSleepVC.h */ = {isa = PBXFileReference; lastKnownFileType = sourcecode.c.h; path = HMenuSleepVC.h; sourceTree = "<group>"; };
		9E1F21BE28E1924B00C5041B /* HMenuSleepVC.m */ = {isa = PBXFileReference; lastKnownFileType = sourcecode.c.objc; path = HMenuSleepVC.m; sourceTree = "<group>"; };
		9E1F21C128E1972400C5041B /* HWalkVC.h */ = {isa = PBXFileReference; lastKnownFileType = sourcecode.c.h; path = HWalkVC.h; sourceTree = "<group>"; };
		9E1F21C228E1972400C5041B /* HWalkVC.m */ = {isa = PBXFileReference; lastKnownFileType = sourcecode.c.objc; path = HWalkVC.m; sourceTree = "<group>"; };
		9E1F21C628E1A0CC00C5041B /* HHomeStateCell.h */ = {isa = PBXFileReference; lastKnownFileType = sourcecode.c.h; path = HHomeStateCell.h; sourceTree = "<group>"; };
		9E1F21C728E1A0CC00C5041B /* HHomeStateCell.m */ = {isa = PBXFileReference; lastKnownFileType = sourcecode.c.objc; path = HHomeStateCell.m; sourceTree = "<group>"; };
		9E1F21C928E2D1E800C5041B /* triangle_small@3x.png */ = {isa = PBXFileReference; lastKnownFileType = image.png; path = "triangle_small@3x.png"; sourceTree = "<group>"; };
		9E1F21CA28E2D1E800C5041B /* triangle_small@2x.png */ = {isa = PBXFileReference; lastKnownFileType = image.png; path = "triangle_small@2x.png"; sourceTree = "<group>"; };
		9E2DF7F228B2209E00B0C9DA /* BWBaseReq.h */ = {isa = PBXFileReference; fileEncoding = 4; lastKnownFileType = sourcecode.c.h; path = BWBaseReq.h; sourceTree = "<group>"; };
		9E2DF7F328B2209E00B0C9DA /* BWLoginReq.m */ = {isa = PBXFileReference; fileEncoding = 4; lastKnownFileType = sourcecode.c.objc; path = BWLoginReq.m; sourceTree = "<group>"; };
		9E2DF7F428B2209E00B0C9DA /* BWBaseReq.m */ = {isa = PBXFileReference; fileEncoding = 4; lastKnownFileType = sourcecode.c.objc; path = BWBaseReq.m; sourceTree = "<group>"; };
		9E2DF7F528B2209E00B0C9DA /* BWLoginReq.h */ = {isa = PBXFileReference; fileEncoding = 4; lastKnownFileType = sourcecode.c.h; path = BWLoginReq.h; sourceTree = "<group>"; };
		9E2DF7F628B2209E00B0C9DA /* BWNetManager.m */ = {isa = PBXFileReference; fileEncoding = 4; lastKnownFileType = sourcecode.c.objc; path = BWNetManager.m; sourceTree = "<group>"; };
		9E2DF7F828B2209E00B0C9DA /* HttpsUrls.h */ = {isa = PBXFileReference; fileEncoding = 4; lastKnownFileType = sourcecode.c.h; path = HttpsUrls.h; sourceTree = "<group>"; };
		9E2DF7F928B2209E00B0C9DA /* NetHeader.h */ = {isa = PBXFileReference; fileEncoding = 4; lastKnownFileType = sourcecode.c.h; path = NetHeader.h; sourceTree = "<group>"; };
		9E2DF7FA28B2209E00B0C9DA /* BWNetManager.h */ = {isa = PBXFileReference; fileEncoding = 4; lastKnownFileType = sourcecode.c.h; path = BWNetManager.h; sourceTree = "<group>"; };
		9E2DF7FC28B2209E00B0C9DA /* BWLoginResp.h */ = {isa = PBXFileReference; fileEncoding = 4; lastKnownFileType = sourcecode.c.h; path = BWLoginResp.h; sourceTree = "<group>"; };
		9E2DF7FD28B2209E00B0C9DA /* BWBaseResp.h */ = {isa = PBXFileReference; fileEncoding = 4; lastKnownFileType = sourcecode.c.h; path = BWBaseResp.h; sourceTree = "<group>"; };
		9E2DF7FE28B2209E00B0C9DA /* BWLoginResp.m */ = {isa = PBXFileReference; fileEncoding = 4; lastKnownFileType = sourcecode.c.objc; path = BWLoginResp.m; sourceTree = "<group>"; };
		9E2DF7FF28B2209E00B0C9DA /* BWBaseResp.m */ = {isa = PBXFileReference; fileEncoding = 4; lastKnownFileType = sourcecode.c.objc; path = BWBaseResp.m; sourceTree = "<group>"; };
		9E2DF80528B220D700B0C9DA /* Hikids.pch */ = {isa = PBXFileReference; lastKnownFileType = sourcecode.c.h; path = Hikids.pch; sourceTree = "<group>"; };
		9E2DF80628B2211700B0C9DA /* HConfig.h */ = {isa = PBXFileReference; lastKnownFileType = sourcecode.c.h; path = HConfig.h; sourceTree = "<group>"; };
		9E2DF80828B2219300B0C9DA /* BaseVC.h */ = {isa = PBXFileReference; lastKnownFileType = sourcecode.c.h; path = BaseVC.h; sourceTree = "<group>"; };
		9E2DF80928B2219300B0C9DA /* BaseVC.m */ = {isa = PBXFileReference; lastKnownFileType = sourcecode.c.objc; path = BaseVC.m; sourceTree = "<group>"; };
		9E2DF80B28B221F500B0C9DA /* BaseNavigationVC.h */ = {isa = PBXFileReference; lastKnownFileType = sourcecode.c.h; path = BaseNavigationVC.h; sourceTree = "<group>"; };
		9E2DF80C28B221F500B0C9DA /* BaseNavigationVC.m */ = {isa = PBXFileReference; lastKnownFileType = sourcecode.c.objc; path = BaseNavigationVC.m; sourceTree = "<group>"; };
		9E2DF80F28B2225500B0C9DA /* BWFileManager.h */ = {isa = PBXFileReference; fileEncoding = 4; lastKnownFileType = sourcecode.c.h; path = BWFileManager.h; sourceTree = "<group>"; };
		9E2DF81028B2225500B0C9DA /* BWAlertCtrl.m */ = {isa = PBXFileReference; fileEncoding = 4; lastKnownFileType = sourcecode.c.objc; path = BWAlertCtrl.m; sourceTree = "<group>"; };
		9E2DF81228B2225500B0C9DA /* NSDictionary+safe.h */ = {isa = PBXFileReference; fileEncoding = 4; lastKnownFileType = sourcecode.c.h; path = "NSDictionary+safe.h"; sourceTree = "<group>"; };
		9E2DF81328B2225500B0C9DA /* SafeObjectHeader.h */ = {isa = PBXFileReference; fileEncoding = 4; lastKnownFileType = sourcecode.c.h; path = SafeObjectHeader.h; sourceTree = "<group>"; };
		9E2DF81428B2225500B0C9DA /* NSArray+safe.h */ = {isa = PBXFileReference; fileEncoding = 4; lastKnownFileType = sourcecode.c.h; path = "NSArray+safe.h"; sourceTree = "<group>"; };
		9E2DF81528B2225500B0C9DA /* NSDictionary+safe.m */ = {isa = PBXFileReference; fileEncoding = 4; lastKnownFileType = sourcecode.c.objc; path = "NSDictionary+safe.m"; sourceTree = "<group>"; };
		9E2DF81628B2225500B0C9DA /* NSArray+safe.m */ = {isa = PBXFileReference; fileEncoding = 4; lastKnownFileType = sourcecode.c.objc; path = "NSArray+safe.m"; sourceTree = "<group>"; };
		9E2DF81728B2225500B0C9DA /* BWTools.m */ = {isa = PBXFileReference; fileEncoding = 4; lastKnownFileType = sourcecode.c.objc; path = BWTools.m; sourceTree = "<group>"; };
		9E2DF81828B2225500B0C9DA /* BWFileManager.m */ = {isa = PBXFileReference; fileEncoding = 4; lastKnownFileType = sourcecode.c.objc; path = BWFileManager.m; sourceTree = "<group>"; };
		9E2DF81928B2225500B0C9DA /* BWAlertCtrl.h */ = {isa = PBXFileReference; fileEncoding = 4; lastKnownFileType = sourcecode.c.h; path = BWAlertCtrl.h; sourceTree = "<group>"; };
		9E2DF81A28B2225500B0C9DA /* BWTools.h */ = {isa = PBXFileReference; fileEncoding = 4; lastKnownFileType = sourcecode.c.h; path = BWTools.h; sourceTree = "<group>"; };
		9E2DF83428B223AD00B0C9DA /* HRootVC.h */ = {isa = PBXFileReference; lastKnownFileType = sourcecode.c.h; path = HRootVC.h; sourceTree = "<group>"; };
		9E2DF83528B223AD00B0C9DA /* HRootVC.m */ = {isa = PBXFileReference; lastKnownFileType = sourcecode.c.objc; path = HRootVC.m; sourceTree = "<group>"; };
		9E2DF84128B2596600B0C9DA /* HMapVC.h */ = {isa = PBXFileReference; lastKnownFileType = sourcecode.c.h; path = HMapVC.h; sourceTree = "<group>"; };
		9E2DF84228B2596600B0C9DA /* HMapVC.m */ = {isa = PBXFileReference; lastKnownFileType = sourcecode.c.objc; path = HMapVC.m; sourceTree = "<group>"; };
		9E2DF84428B2606F00B0C9DA /* HCustomNavigationView.h */ = {isa = PBXFileReference; lastKnownFileType = sourcecode.c.h; path = HCustomNavigationView.h; sourceTree = "<group>"; };
		9E2DF84528B2606F00B0C9DA /* HCustomNavigationView.m */ = {isa = PBXFileReference; lastKnownFileType = sourcecode.c.objc; path = HCustomNavigationView.m; sourceTree = "<group>"; };
		9E42E69428D86F2900F0D7EA /* TPKeyboardAvoidingScrollView.h */ = {isa = PBXFileReference; fileEncoding = 4; lastKnownFileType = sourcecode.c.h; path = TPKeyboardAvoidingScrollView.h; sourceTree = "<group>"; };
		9E42E69528D86F2900F0D7EA /* UIScrollView+TPKeyboardAvoidingAdditions.m */ = {isa = PBXFileReference; fileEncoding = 4; lastKnownFileType = sourcecode.c.objc; path = "UIScrollView+TPKeyboardAvoidingAdditions.m"; sourceTree = "<group>"; };
		9E42E69628D86F2900F0D7EA /* TPKeyboardAvoidingScrollView.m */ = {isa = PBXFileReference; fileEncoding = 4; lastKnownFileType = sourcecode.c.objc; path = TPKeyboardAvoidingScrollView.m; sourceTree = "<group>"; };
		9E42E69728D86F2900F0D7EA /* UIScrollView+TPKeyboardAvoidingAdditions.h */ = {isa = PBXFileReference; fileEncoding = 4; lastKnownFileType = sourcecode.c.h; path = "UIScrollView+TPKeyboardAvoidingAdditions.h"; sourceTree = "<group>"; };
		9E8344B628C7912C00AB9D83 /* BWCheckTokenReq.h */ = {isa = PBXFileReference; lastKnownFileType = sourcecode.c.h; path = BWCheckTokenReq.h; sourceTree = "<group>"; };
		9E8344B728C7912C00AB9D83 /* BWCheckTokenReq.m */ = {isa = PBXFileReference; lastKnownFileType = sourcecode.c.objc; path = BWCheckTokenReq.m; sourceTree = "<group>"; };
		9E8344B928C7913E00AB9D83 /* BWCheckTokenResp.h */ = {isa = PBXFileReference; lastKnownFileType = sourcecode.c.h; path = BWCheckTokenResp.h; sourceTree = "<group>"; };
		9E8344BA28C7913E00AB9D83 /* BWCheckTokenResp.m */ = {isa = PBXFileReference; lastKnownFileType = sourcecode.c.objc; path = BWCheckTokenResp.m; sourceTree = "<group>"; };
		9EC72A1D28D833A400494A74 /* ja */ = {isa = PBXFileReference; lastKnownFileType = text.plist.strings; name = ja; path = ja.lproj/Main.strings; sourceTree = "<group>"; };
		9EC72A1E28D833A400494A74 /* ja */ = {isa = PBXFileReference; lastKnownFileType = text.plist.strings; name = ja; path = ja.lproj/LaunchScreen.strings; sourceTree = "<group>"; };
		9EC72A2228D8349A00494A74 /* ja */ = {isa = PBXFileReference; lastKnownFileType = text.plist.strings; name = ja; path = ja.lproj/InfoPlist.strings; sourceTree = "<group>"; };
		9EC72A2428D8349D00494A74 /* en */ = {isa = PBXFileReference; lastKnownFileType = text.plist.strings; name = en; path = en.lproj/InfoPlist.strings; sourceTree = "<group>"; };
		9EC72A2828D8357A00494A74 /* ja */ = {isa = PBXFileReference; lastKnownFileType = text.plist.strings; name = ja; path = ja.lproj/Localizable.strings; sourceTree = "<group>"; };
		9EC72A2A28D8357C00494A74 /* en */ = {isa = PBXFileReference; lastKnownFileType = text.plist.strings; name = en; path = en.lproj/Localizable.strings; sourceTree = "<group>"; };
		9EC72A2B28D836A200494A74 /* zh-Hans */ = {isa = PBXFileReference; lastKnownFileType = text.plist.strings; name = "zh-Hans"; path = "zh-Hans.lproj/Main.strings"; sourceTree = "<group>"; };
		9EC72A2C28D836A200494A74 /* zh-Hans */ = {isa = PBXFileReference; lastKnownFileType = text.plist.strings; name = "zh-Hans"; path = "zh-Hans.lproj/LaunchScreen.strings"; sourceTree = "<group>"; };
		9EC72A2D28D836A200494A74 /* zh-Hans */ = {isa = PBXFileReference; lastKnownFileType = text.plist.strings; name = "zh-Hans"; path = "zh-Hans.lproj/InfoPlist.strings"; sourceTree = "<group>"; };
		9EC72A2E28D836A200494A74 /* zh-Hans */ = {isa = PBXFileReference; lastKnownFileType = text.plist.strings; name = "zh-Hans"; path = "zh-Hans.lproj/Localizable.strings"; sourceTree = "<group>"; };
		9EC72A2F28D8394F00494A74 /* MBProgressHUD+ShowMessage.h */ = {isa = PBXFileReference; lastKnownFileType = sourcecode.c.h; path = "MBProgressHUD+ShowMessage.h"; sourceTree = "<group>"; };
		9EC72A3028D8394F00494A74 /* MBProgressHUD+ShowMessage.m */ = {isa = PBXFileReference; lastKnownFileType = sourcecode.c.objc; path = "MBProgressHUD+ShowMessage.m"; sourceTree = "<group>"; };
		9EC72A3328D84FFA00494A74 /* HInputView.h */ = {isa = PBXFileReference; lastKnownFileType = sourcecode.c.h; path = HInputView.h; sourceTree = "<group>"; };
		9EC72A3428D84FFA00494A74 /* HInputView.m */ = {isa = PBXFileReference; lastKnownFileType = sourcecode.c.objc; path = HInputView.m; sourceTree = "<group>"; };
		9EDAFE4828C4CDBA00FA9B5F /* HLoginVC.h */ = {isa = PBXFileReference; lastKnownFileType = sourcecode.c.h; path = HLoginVC.h; sourceTree = "<group>"; };
		9EDAFE4928C4CDBA00FA9B5F /* HLoginVC.m */ = {isa = PBXFileReference; lastKnownFileType = sourcecode.c.objc; path = HLoginVC.m; sourceTree = "<group>"; };
		9EF21B1828D985050075CFF0 /* btn_login_unavailable@2x.png */ = {isa = PBXFileReference; lastKnownFileType = image.png; path = "btn_login_unavailable@2x.png"; sourceTree = "<group>"; };
		9EF21B1928D985050075CFF0 /* btn_login_unavailable@3x.png */ = {isa = PBXFileReference; lastKnownFileType = image.png; path = "btn_login_unavailable@3x.png"; sourceTree = "<group>"; };
		9EF21B1A28D985050075CFF0 /* help@2x.png */ = {isa = PBXFileReference; lastKnownFileType = image.png; path = "help@2x.png"; sourceTree = "<group>"; };
		9EF21B1B28D985050075CFF0 /* help@3x.png */ = {isa = PBXFileReference; lastKnownFileType = image.png; path = "help@3x.png"; sourceTree = "<group>"; };
		9EF21B1C28D985050075CFF0 /* icon_mail@3x.png */ = {isa = PBXFileReference; lastKnownFileType = image.png; path = "icon_mail@3x.png"; sourceTree = "<group>"; };
		9EF21B1D28D985050075CFF0 /* icon_check@2x.png */ = {isa = PBXFileReference; lastKnownFileType = image.png; path = "icon_check@2x.png"; sourceTree = "<group>"; };
		9EF21B1E28D985050075CFF0 /* logo@3x.png */ = {isa = PBXFileReference; lastKnownFileType = image.png; path = "logo@3x.png"; sourceTree = "<group>"; };
		9EF21B1F28D985050075CFF0 /* TextArea_Login@3x.png */ = {isa = PBXFileReference; lastKnownFileType = image.png; path = "TextArea_Login@3x.png"; sourceTree = "<group>"; };
		9EF21B2028D985050075CFF0 /* TextArea_Login@2x.png */ = {isa = PBXFileReference; lastKnownFileType = image.png; path = "TextArea_Login@2x.png"; sourceTree = "<group>"; };
		9EF21B2128D985050075CFF0 /* logo@2x.png */ = {isa = PBXFileReference; lastKnownFileType = image.png; path = "logo@2x.png"; sourceTree = "<group>"; };
		9EF21B2228D985050075CFF0 /* icon_check@3x.png */ = {isa = PBXFileReference; lastKnownFileType = image.png; path = "icon_check@3x.png"; sourceTree = "<group>"; };
		9EF21B2328D985050075CFF0 /* icon_mail@2x.png */ = {isa = PBXFileReference; lastKnownFileType = image.png; path = "icon_mail@2x.png"; sourceTree = "<group>"; };
		9EF21B2428D985050075CFF0 /* btn_login_available@3x.png */ = {isa = PBXFileReference; lastKnownFileType = image.png; path = "btn_login_available@3x.png"; sourceTree = "<group>"; };
		9EF21B2528D985050075CFF0 /* icon_password@2x.png */ = {isa = PBXFileReference; lastKnownFileType = image.png; path = "icon_password@2x.png"; sourceTree = "<group>"; };
		9EF21B2628D985050075CFF0 /* icon_checked@3x.png */ = {isa = PBXFileReference; lastKnownFileType = image.png; path = "icon_checked@3x.png"; sourceTree = "<group>"; };
		9EF21B2728D985050075CFF0 /* icon_checked@2x.png */ = {isa = PBXFileReference; lastKnownFileType = image.png; path = "icon_checked@2x.png"; sourceTree = "<group>"; };
		9EF21B2828D985050075CFF0 /* icon_password@3x.png */ = {isa = PBXFileReference; lastKnownFileType = image.png; path = "icon_password@3x.png"; sourceTree = "<group>"; };
		9EF21B2928D985050075CFF0 /* btn_login_available@2x.png */ = {isa = PBXFileReference; lastKnownFileType = image.png; path = "btn_login_available@2x.png"; sourceTree = "<group>"; };
		F8788F8B651400FC4EC71577 /* Pods_Hikids.framework */ = {isa = PBXFileReference; explicitFileType = wrapper.framework; includeInIndex = 0; path = Pods_Hikids.framework; sourceTree = BUILT_PRODUCTS_DIR; };
/* End PBXFileReference section */

/* Begin PBXFrameworksBuildPhase section */
		9E0B546228B21E620026CD86 /* Frameworks */ = {
			isa = PBXFrameworksBuildPhase;
			buildActionMask = 2147483647;
			files = (
				43BDE8DD30B2D7A394F8B296 /* Pods_Hikids.framework in Frameworks */,
			);
			runOnlyForDeploymentPostprocessing = 0;
		};
/* End PBXFrameworksBuildPhase section */

/* Begin PBXGroup section */
		2DECEAE8BE91461748D10A27 /* Frameworks */ = {
			isa = PBXGroup;
			children = (
				F8788F8B651400FC4EC71577 /* Pods_Hikids.framework */,
			);
			name = Frameworks;
			sourceTree = "<group>";
		};
		9E0B545C28B21E620026CD86 = {
			isa = PBXGroup;
			children = (
				9E0B546728B21E620026CD86 /* Hikids */,
				9E0B546628B21E620026CD86 /* Products */,
				B6E1B181B6A7729831560B8F /* Pods */,
				2DECEAE8BE91461748D10A27 /* Frameworks */,
			);
			sourceTree = "<group>";
		};
		9E0B546628B21E620026CD86 /* Products */ = {
			isa = PBXGroup;
			children = (
				9E0B546528B21E620026CD86 /* Hikids.app */,
			);
			name = Products;
			sourceTree = "<group>";
		};
		9E0B546728B21E620026CD86 /* Hikids */ = {
			isa = PBXGroup;
			children = (
				9E2DF7EF28B2205200B0C9DA /* Models */,
				9E2DF7EE28B2205200B0C9DA /* Views */,
				9E2DF7ED28B2205100B0C9DA /* Controllers */,
				9E0B546828B21E620026CD86 /* AppDelegate.h */,
				9E0B546928B21E620026CD86 /* AppDelegate.m */,
				9E0B547128B21E620026CD86 /* Main.storyboard */,
				9E0B547428B21E660026CD86 /* Assets.xcassets */,
				9E0B547628B21E660026CD86 /* LaunchScreen.storyboard */,
				9E0B547928B21E660026CD86 /* Info.plist */,
				9EC72A2328D8349A00494A74 /* InfoPlist.strings */,
				9EC72A2928D8357A00494A74 /* Localizable.strings */,
				9E0B547A28B21E660026CD86 /* main.m */,
				9E2DF80528B220D700B0C9DA /* Hikids.pch */,
				9E2DF80628B2211700B0C9DA /* HConfig.h */,
				9E2DF7EC28B2205100B0C9DA /* Sources */,
			);
			path = Hikids;
			sourceTree = "<group>";
		};
		9E17D1A628ED3750005FA5A9 /* JZLocationConverter */ = {
			isa = PBXGroup;
			children = (
				9E17D1A828ED3750005FA5A9 /* JZLocationConverter.h */,
				9E17D1A728ED3750005FA5A9 /* JZLocationConverter.m */,
			);
			path = JZLocationConverter;
			sourceTree = "<group>";
		};
		9E17D1AB28ED3880005FA5A9 /* Controllers */ = {
			isa = PBXGroup;
			children = (
				9E17D1AC28ED3898005FA5A9 /* BaseMenuVC */,
				9E17D1AE28ED38B3005FA5A9 /* MenuSleepVC */,
				9E17D1AD28ED38AA005FA5A9 /* MenuWalkVC */,
				9E1F21C428E19DC500C5041B /* MenuHomeVC */,
			);
			path = Controllers;
			sourceTree = "<group>";
		};
		9E17D1AC28ED3898005FA5A9 /* BaseMenuVC */ = {
			isa = PBXGroup;
			children = (
				9E1F21A028E16A6300C5041B /* HBaseMenuVC.h */,
				9E1F21A128E16A6300C5041B /* HBaseMenuVC.m */,
			);
			path = BaseMenuVC;
			sourceTree = "<group>";
		};
		9E17D1AD28ED38AA005FA5A9 /* MenuWalkVC */ = {
			isa = PBXGroup;
			children = (
				9E17D1AF28ED38E9005FA5A9 /* HWalkMenuVC.h */,
				9E17D1B028ED38E9005FA5A9 /* HWalkMenuVC.m */,
			);
			path = MenuWalkVC;
			sourceTree = "<group>";
		};
		9E17D1AE28ED38B3005FA5A9 /* MenuSleepVC */ = {
			isa = PBXGroup;
			children = (
				9E1F21BD28E1924B00C5041B /* HMenuSleepVC.h */,
				9E1F21BE28E1924B00C5041B /* HMenuSleepVC.m */,
			);
			path = MenuSleepVC;
			sourceTree = "<group>";
		};
		9E17D1B228ED5629005FA5A9 /* WalkUI */ = {
			isa = PBXGroup;
			children = (
				9E17D1D728EE7B85005FA5A9 /* walkStart_no@2x.png */,
				9E17D1D628EE7B85005FA5A9 /* walkStart_no@3x.png */,
				9E17D1D828EE7B85005FA5A9 /* walkStart@2x.png */,
				9E17D1D528EE7B85005FA5A9 /* walkStart@3x.png */,
				9E17D1BC28ED68B5005FA5A9 /* default_mdd@2x.png */,
				9E17D1BB28ED68B5005FA5A9 /* default_mdd@3x.png */,
				9E17D1B328ED563F005FA5A9 /* backBtn@2x.png */,
				9E17D1B428ED563F005FA5A9 /* backBtn@3x.png */,
			);
			path = WalkUI;
			sourceTree = "<group>";
		};
		9E17D1B728ED658C005FA5A9 /* Views */ = {
			isa = PBXGroup;
			children = (
				9E17D1B828ED6655005FA5A9 /* HMddView.h */,
				9E17D1B928ED6655005FA5A9 /* HMddView.m */,
				9E17D1BF28ED78DC005FA5A9 /* HStudentView.h */,
				9E17D1C028ED78DC005FA5A9 /* HStudentView.m */,
				9E17D1E328EEAF4B005FA5A9 /* HTitleView.h */,
				9E17D1E428EEAF4B005FA5A9 /* HTitleView.m */,
			);
			path = Views;
			sourceTree = "<group>";
		};
		9E17D1C828EDADAE005FA5A9 /* Models */ = {
			isa = PBXGroup;
			children = (
				9E17D1C928EDADD6005FA5A9 /* HDestnationModel.h */,
				9E17D1CA28EDADD6005FA5A9 /* HDestnationModel.m */,
				9E17D1F228F00CA5005FA5A9 /* HLocation.h */,
				9E17D1F328F00CA5005FA5A9 /* HLocation.m */,
				9E17D1D228EE72AD005FA5A9 /* HStudent.h */,
				9E17D1D328EE72AD005FA5A9 /* HStudent.m */,
				9E17D1DD28EEAE9B005FA5A9 /* HTeacher.h */,
				9E17D1DE28EEAE9B005FA5A9 /* HTeacher.m */,
				9E17D1E028EEAEA9005FA5A9 /* HTime.h */,
				9E17D1E128EEAEA9005FA5A9 /* HTime.m */,
			);
			path = Models;
			sourceTree = "<group>";
		};
		9E1F219928E1688B00C5041B /* HomeUI */ = {
			isa = PBXGroup;
			children = (
				9E17D19728EABD96005FA5A9 /* safe@2x.png */,
				9E17D19828EABD96005FA5A9 /* safe@3x.png */,
			);
			path = HomeUI;
			sourceTree = "<group>";
		};
		9E1F219A28E168A000C5041B /* NavigationView */ = {
			isa = PBXGroup;
			children = (
				9E1F219B28E168AA00C5041B /* UI */,
				9E2DF84428B2606F00B0C9DA /* HCustomNavigationView.h */,
				9E2DF84528B2606F00B0C9DA /* HCustomNavigationView.m */,
			);
			path = NavigationView;
			sourceTree = "<group>";
		};
		9E1F219B28E168AA00C5041B /* UI */ = {
			isa = PBXGroup;
			children = (
				9E1F219D28E168E000C5041B /* nav_background@2x.png */,
				9E1F219C28E168E000C5041B /* nav_background@3x.png */,
			);
			path = UI;
			sourceTree = "<group>";
		};
		9E1F21A328E16E1900C5041B /* SleepVC */ = {
			isa = PBXGroup;
			children = (
				9E1F21A428E16E4300C5041B /* HSleepVC.h */,
				9E1F21A528E16E4300C5041B /* HSleepVC.m */,
			);
			path = SleepVC;
			sourceTree = "<group>";
		};
		9E1F21A728E1720C00C5041B /* MenuVC */ = {
			isa = PBXGroup;
			children = (
				9E17D1AB28ED3880005FA5A9 /* Controllers */,
				9E1F21A828E1721600C5041B /* UI */,
			);
			path = MenuVC;
			sourceTree = "<group>";
		};
		9E1F21A828E1721600C5041B /* UI */ = {
			isa = PBXGroup;
			children = (
				9E1F21B428E17FEA00C5041B /* MenuHomeUI */,
				9E1F21AD28E174AA00C5041B /* line@2x.png */,
				9E1F21AE28E174AA00C5041B /* line@3x.png */,
				9E1F21AA28E1722500C5041B /* menu_header@2x.png */,
				9E1F21A928E1722500C5041B /* menu_header@3x.png */,
				9E17D19E28ED1E6B005FA5A9 /* dangerView@2x.png */,
				9E17D19F28ED1E6B005FA5A9 /* dangerView@3x.png */,
				9E17D1A128ED1E6B005FA5A9 /* safeView@2x.png */,
				9E17D1A028ED1E6B005FA5A9 /* safeView@3x.png */,
			);
			path = UI;
			sourceTree = "<group>";
		};
		9E1F21B428E17FEA00C5041B /* MenuHomeUI */ = {
			isa = PBXGroup;
			children = (
				9E1F21CA28E2D1E800C5041B /* triangle_small@2x.png */,
				9E1F21C928E2D1E800C5041B /* triangle_small@3x.png */,
				9E1F21B528E1805700C5041B /* btn_menu_sleep@2x.png */,
				9E1F21B628E1805700C5041B /* btn_menu_sleep@3x.png */,
				9E1F21B828E1805700C5041B /* btn_menu_walk@2x.png */,
				9E1F21B728E1805700C5041B /* btn_menu_walk@3x.png */,
			);
			path = MenuHomeUI;
			sourceTree = "<group>";
		};
		9E1F21C028E196F000C5041B /* HomeMapVC */ = {
			isa = PBXGroup;
			children = (
				9E2DF84128B2596600B0C9DA /* HMapVC.h */,
				9E2DF84228B2596600B0C9DA /* HMapVC.m */,
			);
			path = HomeMapVC;
			sourceTree = "<group>";
		};
		9E1F21C428E19DC500C5041B /* MenuHomeVC */ = {
			isa = PBXGroup;
			children = (
				9E1F21C528E19DDA00C5041B /* Views */,
				9E1F21B128E1790900C5041B /* HMenuHomeVC.h */,
				9E1F21B228E1790900C5041B /* HMenuHomeVC.m */,
			);
			path = MenuHomeVC;
			sourceTree = "<group>";
		};
		9E1F21C528E19DDA00C5041B /* Views */ = {
			isa = PBXGroup;
			children = (
				9E1F21C628E1A0CC00C5041B /* HHomeStateCell.h */,
				9E1F21C728E1A0CC00C5041B /* HHomeStateCell.m */,
				9E17D19B28EACD26005FA5A9 /* HSmallCardView.h */,
				9E17D19C28EACD26005FA5A9 /* HSmallCardView.m */,
			);
			path = Views;
			sourceTree = "<group>";
		};
		9E2DF7EC28B2205100B0C9DA /* Sources */ = {
			isa = PBXGroup;
			children = (
				9E42E69228D86F1500F0D7EA /* ThirdLib */,
				9E2DF83728B2301F00B0C9DA /* UI */,
				9E2DF80E28B2225500B0C9DA /* Utils */,
			);
			path = Sources;
			sourceTree = "<group>";
		};
		9E2DF7ED28B2205100B0C9DA /* Controllers */ = {
			isa = PBXGroup;
			children = (
				9E2DF80728B2214900B0C9DA /* BaseVC */,
				9EDAFE4728C4CD9600FA9B5F /* LoginVC */,
				9E1F21C028E196F000C5041B /* HomeMapVC */,
				9E2DF82228B222EB00B0C9DA /* WalkVC */,
				9E1F21A328E16E1900C5041B /* SleepVC */,
			);
			path = Controllers;
			sourceTree = "<group>";
		};
		9E2DF7EE28B2205200B0C9DA /* Views */ = {
			isa = PBXGroup;
			children = (
				9E1F219A28E168A000C5041B /* NavigationView */,
				9E03E93928F569E500C30577 /* HStudentStateView.h */,
				9E03E93A28F569E500C30577 /* HStudentStateView.m */,
			);
			path = Views;
			sourceTree = "<group>";
		};
		9E2DF7EF28B2205200B0C9DA /* Models */ = {
			isa = PBXGroup;
			children = (
				9E2DF7F028B2209E00B0C9DA /* Network */,
			);
			path = Models;
			sourceTree = "<group>";
		};
		9E2DF7F028B2209E00B0C9DA /* Network */ = {
			isa = PBXGroup;
			children = (
				9E2DF7FA28B2209E00B0C9DA /* BWNetManager.h */,
				9E2DF7F628B2209E00B0C9DA /* BWNetManager.m */,
				9E2DF7F128B2209E00B0C9DA /* BWReq */,
				9E2DF7FB28B2209E00B0C9DA /* BWResp */,
				9E2DF7F728B2209E00B0C9DA /* NetConfig */,
			);
			path = Network;
			sourceTree = "<group>";
		};
		9E2DF7F128B2209E00B0C9DA /* BWReq */ = {
			isa = PBXGroup;
			children = (
				9E2DF7F228B2209E00B0C9DA /* BWBaseReq.h */,
				9E2DF7F428B2209E00B0C9DA /* BWBaseReq.m */,
				9E2DF7F528B2209E00B0C9DA /* BWLoginReq.h */,
				9E2DF7F328B2209E00B0C9DA /* BWLoginReq.m */,
				9E8344B628C7912C00AB9D83 /* BWCheckTokenReq.h */,
				9E8344B728C7912C00AB9D83 /* BWCheckTokenReq.m */,
				9E17D1C228EDAAF4005FA5A9 /* BWGetDestnationReq.h */,
				9E17D1C328EDAAF4005FA5A9 /* BWGetDestnationReq.m */,
				9E17D1CC28EE7260005FA5A9 /* BWGetStudentReq.h */,
				9E17D1CD28EE7260005FA5A9 /* BWGetStudentReq.m */,
				9E17D1E628F00385005FA5A9 /* BWGetAssistantReq.h */,
				9E17D1E728F00385005FA5A9 /* BWGetAssistantReq.m */,
				9E17D1EC28F005CB005FA5A9 /* BWDestnationInfoReq.h */,
				9E17D1ED28F005CB005FA5A9 /* BWDestnationInfoReq.m */,
				9E17D1F528F03B6D005FA5A9 /* BWStudentLocationReq.h */,
				9E17D1F628F03B6D005FA5A9 /* BWStudentLocationReq.m */,
			);
			path = BWReq;
			sourceTree = "<group>";
		};
		9E2DF7F728B2209E00B0C9DA /* NetConfig */ = {
			isa = PBXGroup;
			children = (
				9E2DF7F828B2209E00B0C9DA /* HttpsUrls.h */,
				9E2DF7F928B2209E00B0C9DA /* NetHeader.h */,
			);
			path = NetConfig;
			sourceTree = "<group>";
		};
		9E2DF7FB28B2209E00B0C9DA /* BWResp */ = {
			isa = PBXGroup;
			children = (
				9E2DF7FD28B2209E00B0C9DA /* BWBaseResp.h */,
				9E2DF7FF28B2209E00B0C9DA /* BWBaseResp.m */,
				9E2DF7FC28B2209E00B0C9DA /* BWLoginResp.h */,
				9E2DF7FE28B2209E00B0C9DA /* BWLoginResp.m */,
				9E8344B928C7913E00AB9D83 /* BWCheckTokenResp.h */,
				9E8344BA28C7913E00AB9D83 /* BWCheckTokenResp.m */,
				9E17D1C528EDAB03005FA5A9 /* BWGetDestnationResp.h */,
				9E17D1C628EDAB03005FA5A9 /* BWGetDestnationResp.m */,
				9E17D1CF28EE7270005FA5A9 /* BWGetStudentResp.h */,
				9E17D1D028EE7270005FA5A9 /* BWGetStudentResp.m */,
				9E17D1E928F00398005FA5A9 /* BWGetAssistantResp.h */,
				9E17D1EA28F00398005FA5A9 /* BWGetAssistantResp.m */,
				9E17D1EF28F005E1005FA5A9 /* BWDestnationInfoResp.h */,
				9E17D1F028F005E1005FA5A9 /* BWDestnationInfoResp.m */,
				9E17D1F828F03B83005FA5A9 /* BWStudentLocationResp.h */,
				9E17D1F928F03B83005FA5A9 /* BWStudentLocationResp.m */,
			);
			path = BWResp;
			sourceTree = "<group>";
		};
		9E2DF80728B2214900B0C9DA /* BaseVC */ = {
			isa = PBXGroup;
			children = (
				9E2DF80828B2219300B0C9DA /* BaseVC.h */,
				9E2DF80928B2219300B0C9DA /* BaseVC.m */,
				9E2DF80B28B221F500B0C9DA /* BaseNavigationVC.h */,
				9E2DF80C28B221F500B0C9DA /* BaseNavigationVC.m */,
				9E2DF83428B223AD00B0C9DA /* HRootVC.h */,
				9E2DF83528B223AD00B0C9DA /* HRootVC.m */,
				9E1F21A728E1720C00C5041B /* MenuVC */,
			);
			path = BaseVC;
			sourceTree = "<group>";
		};
		9E2DF80E28B2225500B0C9DA /* Utils */ = {
			isa = PBXGroup;
			children = (
				9E2DF81928B2225500B0C9DA /* BWAlertCtrl.h */,
				9E2DF81028B2225500B0C9DA /* BWAlertCtrl.m */,
				9E2DF80F28B2225500B0C9DA /* BWFileManager.h */,
				9E2DF81828B2225500B0C9DA /* BWFileManager.m */,
				9E2DF81A28B2225500B0C9DA /* BWTools.h */,
				9E2DF81728B2225500B0C9DA /* BWTools.m */,
				9E2DF81128B2225500B0C9DA /* SafeObject */,
				9EC72A2F28D8394F00494A74 /* MBProgressHUD+ShowMessage.h */,
				9EC72A3028D8394F00494A74 /* MBProgressHUD+ShowMessage.m */,
			);
			path = Utils;
			sourceTree = "<group>";
		};
		9E2DF81128B2225500B0C9DA /* SafeObject */ = {
			isa = PBXGroup;
			children = (
				9E2DF81428B2225500B0C9DA /* NSArray+safe.h */,
				9E2DF81628B2225500B0C9DA /* NSArray+safe.m */,
				9E2DF81228B2225500B0C9DA /* NSDictionary+safe.h */,
				9E2DF81528B2225500B0C9DA /* NSDictionary+safe.m */,
				9E2DF81328B2225500B0C9DA /* SafeObjectHeader.h */,
			);
			path = SafeObject;
			sourceTree = "<group>";
		};
		9E2DF82228B222EB00B0C9DA /* WalkVC */ = {
			isa = PBXGroup;
			children = (
				9E17D1C828EDADAE005FA5A9 /* Models */,
				9E17D1B728ED658C005FA5A9 /* Views */,
				9E1F21C128E1972400C5041B /* HWalkVC.h */,
				9E1F21C228E1972400C5041B /* HWalkVC.m */,
			);
			path = WalkVC;
			sourceTree = "<group>";
		};
		9E2DF83728B2301F00B0C9DA /* UI */ = {
			isa = PBXGroup;
			children = (
				9E17D1B228ED5629005FA5A9 /* WalkUI */,
				9E1F219928E1688B00C5041B /* HomeUI */,
				9EF21B1728D985050075CFF0 /* loginUI */,
			);
			path = UI;
			sourceTree = "<group>";
		};
		9E42E69228D86F1500F0D7EA /* ThirdLib */ = {
			isa = PBXGroup;
			children = (
				9E17D1A628ED3750005FA5A9 /* JZLocationConverter */,
				9E42E69328D86F2900F0D7EA /* KeyBoardHelp */,
			);
			path = ThirdLib;
			sourceTree = "<group>";
		};
		9E42E69328D86F2900F0D7EA /* KeyBoardHelp */ = {
			isa = PBXGroup;
			children = (
				9E42E69428D86F2900F0D7EA /* TPKeyboardAvoidingScrollView.h */,
				9E42E69628D86F2900F0D7EA /* TPKeyboardAvoidingScrollView.m */,
				9E42E69728D86F2900F0D7EA /* UIScrollView+TPKeyboardAvoidingAdditions.h */,
				9E42E69528D86F2900F0D7EA /* UIScrollView+TPKeyboardAvoidingAdditions.m */,
			);
			path = KeyBoardHelp;
			sourceTree = "<group>";
		};
		9EC72A3228D84FE000494A74 /* View */ = {
			isa = PBXGroup;
			children = (
				9EC72A3328D84FFA00494A74 /* HInputView.h */,
				9EC72A3428D84FFA00494A74 /* HInputView.m */,
			);
			path = View;
			sourceTree = "<group>";
		};
		9EDAFE4728C4CD9600FA9B5F /* LoginVC */ = {
			isa = PBXGroup;
			children = (
				9EC72A3228D84FE000494A74 /* View */,
				9EDAFE4828C4CDBA00FA9B5F /* HLoginVC.h */,
				9EDAFE4928C4CDBA00FA9B5F /* HLoginVC.m */,
			);
			path = LoginVC;
			sourceTree = "<group>";
		};
		9EF21B1728D985050075CFF0 /* loginUI */ = {
			isa = PBXGroup;
			children = (
				9EF21B1A28D985050075CFF0 /* help@2x.png */,
				9EF21B1B28D985050075CFF0 /* help@3x.png */,
				9EF21B2928D985050075CFF0 /* btn_login_available@2x.png */,
				9EF21B2428D985050075CFF0 /* btn_login_available@3x.png */,
				9EF21B1828D985050075CFF0 /* btn_login_unavailable@2x.png */,
				9EF21B1928D985050075CFF0 /* btn_login_unavailable@3x.png */,
				9EF21B1D28D985050075CFF0 /* icon_check@2x.png */,
				9EF21B2228D985050075CFF0 /* icon_check@3x.png */,
				9EF21B2728D985050075CFF0 /* icon_checked@2x.png */,
				9EF21B2628D985050075CFF0 /* icon_checked@3x.png */,
				9EF21B2328D985050075CFF0 /* icon_mail@2x.png */,
				9EF21B1C28D985050075CFF0 /* icon_mail@3x.png */,
				9EF21B2528D985050075CFF0 /* icon_password@2x.png */,
				9EF21B2828D985050075CFF0 /* icon_password@3x.png */,
				9EF21B2128D985050075CFF0 /* logo@2x.png */,
				9EF21B1E28D985050075CFF0 /* logo@3x.png */,
				9EF21B2028D985050075CFF0 /* TextArea_Login@2x.png */,
				9EF21B1F28D985050075CFF0 /* TextArea_Login@3x.png */,
			);
			path = loginUI;
			sourceTree = "<group>";
		};
		B6E1B181B6A7729831560B8F /* Pods */ = {
			isa = PBXGroup;
			children = (
				9640EDA3F4B6876B5095B9E8 /* Pods-Hikids.debug.xcconfig */,
				33281BEE1161C470B4E9D572 /* Pods-Hikids.release.xcconfig */,
			);
			path = Pods;
			sourceTree = "<group>";
		};
/* End PBXGroup section */

/* Begin PBXNativeTarget section */
		9E0B546428B21E620026CD86 /* Hikids */ = {
			isa = PBXNativeTarget;
			buildConfigurationList = 9E0B547E28B21E660026CD86 /* Build configuration list for PBXNativeTarget "Hikids" */;
			buildPhases = (
				5B9CCEF3E2701ED6ED4E2BFC /* [CP] Check Pods Manifest.lock */,
				9E0B546128B21E620026CD86 /* Sources */,
				9E0B546228B21E620026CD86 /* Frameworks */,
				9E0B546328B21E620026CD86 /* Resources */,
				205896CEB5DF2B15192A1BAA /* [CP] Embed Pods Frameworks */,
				E1AA2B6D4285BD8BCEC7B97D /* [CP] Copy Pods Resources */,
			);
			buildRules = (
			);
			dependencies = (
			);
			name = Hikids;
			productName = Hikids;
			productReference = 9E0B546528B21E620026CD86 /* Hikids.app */;
			productType = "com.apple.product-type.application";
		};
/* End PBXNativeTarget section */

/* Begin PBXProject section */
		9E0B545D28B21E620026CD86 /* Project object */ = {
			isa = PBXProject;
			attributes = {
				BuildIndependentTargetsInParallel = 1;
				LastUpgradeCheck = 1320;
				TargetAttributes = {
					9E0B546428B21E620026CD86 = {
						CreatedOnToolsVersion = 13.2.1;
					};
				};
			};
			buildConfigurationList = 9E0B546028B21E620026CD86 /* Build configuration list for PBXProject "Hikids" */;
			compatibilityVersion = "Xcode 13.0";
			developmentRegion = en;
			hasScannedForEncodings = 0;
			knownRegions = (
				en,
				Base,
				ja,
				"zh-Hans",
			);
			mainGroup = 9E0B545C28B21E620026CD86;
			productRefGroup = 9E0B546628B21E620026CD86 /* Products */;
			projectDirPath = "";
			projectRoot = "";
			targets = (
				9E0B546428B21E620026CD86 /* Hikids */,
			);
		};
/* End PBXProject section */

/* Begin PBXResourcesBuildPhase section */
		9E0B546328B21E620026CD86 /* Resources */ = {
			isa = PBXResourcesBuildPhase;
			buildActionMask = 2147483647;
			files = (
				9E1F21AF28E174AA00C5041B /* line@2x.png in Resources */,
				9E0B547828B21E660026CD86 /* LaunchScreen.storyboard in Resources */,
				9EF21B3928D985050075CFF0 /* icon_checked@2x.png in Resources */,
				9EF21B2E28D985050075CFF0 /* icon_mail@3x.png in Resources */,
				9EF21B3B28D985050075CFF0 /* btn_login_available@2x.png in Resources */,
				9EF21B3A28D985050075CFF0 /* icon_password@3x.png in Resources */,
				9EC72A2128D8349A00494A74 /* InfoPlist.strings in Resources */,
				9E1F219F28E168E000C5041B /* nav_background@2x.png in Resources */,
				9EF21B2A28D985050075CFF0 /* btn_login_unavailable@2x.png in Resources */,
				9E17D1DB28EE7B85005FA5A9 /* walkStart_no@2x.png in Resources */,
				9E1F219E28E168E000C5041B /* nav_background@3x.png in Resources */,
				9E1F21BA28E1805700C5041B /* btn_menu_sleep@3x.png in Resources */,
				9EF21B3228D985050075CFF0 /* TextArea_Login@2x.png in Resources */,
				9E17D1B528ED563F005FA5A9 /* backBtn@2x.png in Resources */,
				9E17D1BD28ED68B5005FA5A9 /* default_mdd@3x.png in Resources */,
				9E17D19A28EABD96005FA5A9 /* safe@3x.png in Resources */,
				9EF21B2B28D985050075CFF0 /* btn_login_unavailable@3x.png in Resources */,
				9E0B547528B21E660026CD86 /* Assets.xcassets in Resources */,
				9E17D1A428ED1E6B005FA5A9 /* safeView@3x.png in Resources */,
				9E1F21B028E174AA00C5041B /* line@3x.png in Resources */,
				9E17D19928EABD96005FA5A9 /* safe@2x.png in Resources */,
				9E17D1B628ED563F005FA5A9 /* backBtn@3x.png in Resources */,
				9EF21B3828D985050075CFF0 /* icon_checked@3x.png in Resources */,
				9EC72A2728D8357A00494A74 /* Localizable.strings in Resources */,
				9EF21B3428D985050075CFF0 /* icon_check@3x.png in Resources */,
				9E17D1DC28EE7B85005FA5A9 /* walkStart@2x.png in Resources */,
				9EF21B2C28D985050075CFF0 /* help@2x.png in Resources */,
				9EF21B3028D985050075CFF0 /* logo@3x.png in Resources */,
				9E0B547328B21E620026CD86 /* Main.storyboard in Resources */,
				9E1F21D328E2D1E900C5041B /* triangle_small@2x.png in Resources */,
				9EF21B3628D985050075CFF0 /* btn_login_available@3x.png in Resources */,
				9E17D1D928EE7B85005FA5A9 /* walkStart@3x.png in Resources */,
				9E17D1BE28ED68B5005FA5A9 /* default_mdd@2x.png in Resources */,
				9EF21B2D28D985050075CFF0 /* help@3x.png in Resources */,
				9E17D1DA28EE7B85005FA5A9 /* walkStart_no@3x.png in Resources */,
				9EF21B3728D985050075CFF0 /* icon_password@2x.png in Resources */,
				9E17D1A328ED1E6B005FA5A9 /* dangerView@3x.png in Resources */,
				9E1F21BB28E1805700C5041B /* btn_menu_walk@3x.png in Resources */,
				9E17D1A228ED1E6B005FA5A9 /* dangerView@2x.png in Resources */,
				9E1F21AC28E1722500C5041B /* menu_header@2x.png in Resources */,
				9E1F21B928E1805700C5041B /* btn_menu_sleep@2x.png in Resources */,
				9E1F21D228E2D1E900C5041B /* triangle_small@3x.png in Resources */,
				9E17D1A528ED1E6B005FA5A9 /* safeView@2x.png in Resources */,
				9E1F21BC28E1805700C5041B /* btn_menu_walk@2x.png in Resources */,
				9EF21B3528D985050075CFF0 /* icon_mail@2x.png in Resources */,
				9EF21B3328D985050075CFF0 /* logo@2x.png in Resources */,
				9E1F21AB28E1722500C5041B /* menu_header@3x.png in Resources */,
				9EF21B3128D985050075CFF0 /* TextArea_Login@3x.png in Resources */,
				9EF21B2F28D985050075CFF0 /* icon_check@2x.png in Resources */,
			);
			runOnlyForDeploymentPostprocessing = 0;
		};
/* End PBXResourcesBuildPhase section */

/* Begin PBXShellScriptBuildPhase section */
		205896CEB5DF2B15192A1BAA /* [CP] Embed Pods Frameworks */ = {
			isa = PBXShellScriptBuildPhase;
			buildActionMask = 2147483647;
			files = (
			);
			inputFileListPaths = (
				"${PODS_ROOT}/Target Support Files/Pods-Hikids/Pods-Hikids-frameworks-${CONFIGURATION}-input-files.xcfilelist",
			);
			name = "[CP] Embed Pods Frameworks";
			outputFileListPaths = (
				"${PODS_ROOT}/Target Support Files/Pods-Hikids/Pods-Hikids-frameworks-${CONFIGURATION}-output-files.xcfilelist",
			);
			runOnlyForDeploymentPostprocessing = 0;
			shellPath = /bin/sh;
			shellScript = "\"${PODS_ROOT}/Target Support Files/Pods-Hikids/Pods-Hikids-frameworks.sh\"\n";
			showEnvVarsInLog = 0;
		};
		5B9CCEF3E2701ED6ED4E2BFC /* [CP] Check Pods Manifest.lock */ = {
			isa = PBXShellScriptBuildPhase;
			buildActionMask = 2147483647;
			files = (
			);
			inputFileListPaths = (
			);
			inputPaths = (
				"${PODS_PODFILE_DIR_PATH}/Podfile.lock",
				"${PODS_ROOT}/Manifest.lock",
			);
			name = "[CP] Check Pods Manifest.lock";
			outputFileListPaths = (
			);
			outputPaths = (
				"$(DERIVED_FILE_DIR)/Pods-Hikids-checkManifestLockResult.txt",
			);
			runOnlyForDeploymentPostprocessing = 0;
			shellPath = /bin/sh;
			shellScript = "diff \"${PODS_PODFILE_DIR_PATH}/Podfile.lock\" \"${PODS_ROOT}/Manifest.lock\" > /dev/null\nif [ $? != 0 ] ; then\n    # print error to STDERR\n    echo \"error: The sandbox is not in sync with the Podfile.lock. Run 'pod install' or update your CocoaPods installation.\" >&2\n    exit 1\nfi\n# This output is used by Xcode 'outputs' to avoid re-running this script phase.\necho \"SUCCESS\" > \"${SCRIPT_OUTPUT_FILE_0}\"\n";
			showEnvVarsInLog = 0;
		};
		E1AA2B6D4285BD8BCEC7B97D /* [CP] Copy Pods Resources */ = {
			isa = PBXShellScriptBuildPhase;
			buildActionMask = 2147483647;
			files = (
			);
			inputFileListPaths = (
				"${PODS_ROOT}/Target Support Files/Pods-Hikids/Pods-Hikids-resources-${CONFIGURATION}-input-files.xcfilelist",
			);
			name = "[CP] Copy Pods Resources";
			outputFileListPaths = (
				"${PODS_ROOT}/Target Support Files/Pods-Hikids/Pods-Hikids-resources-${CONFIGURATION}-output-files.xcfilelist",
			);
			runOnlyForDeploymentPostprocessing = 0;
			shellPath = /bin/sh;
			shellScript = "\"${PODS_ROOT}/Target Support Files/Pods-Hikids/Pods-Hikids-resources.sh\"\n";
			showEnvVarsInLog = 0;
		};
/* End PBXShellScriptBuildPhase section */

/* Begin PBXSourcesBuildPhase section */
		9E0B546128B21E620026CD86 /* Sources */ = {
			isa = PBXSourcesBuildPhase;
			buildActionMask = 2147483647;
			files = (
				9E17D1E228EEAEA9005FA5A9 /* HTime.m in Sources */,
				9E17D1C128ED78DC005FA5A9 /* HStudentView.m in Sources */,
				9E17D1F428F00CA5005FA5A9 /* HLocation.m in Sources */,
				9E17D1C428EDAAF4005FA5A9 /* BWGetDestnationReq.m in Sources */,
				9E2DF84628B2606F00B0C9DA /* HCustomNavigationView.m in Sources */,
				9E17D1EB28F00398005FA5A9 /* BWGetAssistantResp.m in Sources */,
				9E2DF80D28B221F500B0C9DA /* BaseNavigationVC.m in Sources */,
				9E2DF80328B2209E00B0C9DA /* BWLoginResp.m in Sources */,
				9E2DF80028B2209E00B0C9DA /* BWLoginReq.m in Sources */,
				9E17D1EE28F005CB005FA5A9 /* BWDestnationInfoReq.m in Sources */,
				9E0B546A28B21E620026CD86 /* AppDelegate.m in Sources */,
				9E17D1A928ED3750005FA5A9 /* JZLocationConverter.m in Sources */,
				9E2DF80228B2209E00B0C9DA /* BWNetManager.m in Sources */,
				9E2DF80128B2209E00B0C9DA /* BWBaseReq.m in Sources */,
				9E2DF81C28B2225500B0C9DA /* NSDictionary+safe.m in Sources */,
				9E1F21BF28E1924B00C5041B /* HMenuSleepVC.m in Sources */,
				9E42E69928D86F2900F0D7EA /* TPKeyboardAvoidingScrollView.m in Sources */,
				9E17D1B128ED38E9005FA5A9 /* HWalkMenuVC.m in Sources */,
				9E2DF81D28B2225500B0C9DA /* NSArray+safe.m in Sources */,
				9E17D1E828F00385005FA5A9 /* BWGetAssistantReq.m in Sources */,
				9E1F21B328E1790900C5041B /* HMenuHomeVC.m in Sources */,
				9E17D1D428EE72AD005FA5A9 /* HStudent.m in Sources */,
				9E2DF83628B223AD00B0C9DA /* HRootVC.m in Sources */,
				9E17D1C728EDAB03005FA5A9 /* BWGetDestnationResp.m in Sources */,
				9E1F21A628E16E4300C5041B /* HSleepVC.m in Sources */,
				9E1F21C328E1972400C5041B /* HWalkVC.m in Sources */,
				9E17D1F128F005E1005FA5A9 /* BWDestnationInfoResp.m in Sources */,
				9E17D1CE28EE7261005FA5A9 /* BWGetStudentReq.m in Sources */,
				9E1F21C828E1A0CC00C5041B /* HHomeStateCell.m in Sources */,
				9EC72A3528D84FFA00494A74 /* HInputView.m in Sources */,
				9E8344B828C7912C00AB9D83 /* BWCheckTokenReq.m in Sources */,
				9E2DF84328B2596600B0C9DA /* HMapVC.m in Sources */,
				9E17D19D28EACD26005FA5A9 /* HSmallCardView.m in Sources */,
				9E03E93B28F569E500C30577 /* HStudentStateView.m in Sources */,
				9E17D1E528EEAF4B005FA5A9 /* HTitleView.m in Sources */,
				9E17D1F728F03B6D005FA5A9 /* BWStudentLocationReq.m in Sources */,
				9E0B547B28B21E660026CD86 /* main.m in Sources */,
				9E17D1BA28ED6655005FA5A9 /* HMddView.m in Sources */,
				9E17D1DF28EEAE9B005FA5A9 /* HTeacher.m in Sources */,
				9E42E69828D86F2900F0D7EA /* UIScrollView+TPKeyboardAvoidingAdditions.m in Sources */,
				9E2DF80428B2209E00B0C9DA /* BWBaseResp.m in Sources */,
				9E2DF81B28B2225500B0C9DA /* BWAlertCtrl.m in Sources */,
				9E17D1D128EE7270005FA5A9 /* BWGetStudentResp.m in Sources */,
				9EDAFE4A28C4CDBA00FA9B5F /* HLoginVC.m in Sources */,
				9E2DF81E28B2225500B0C9DA /* BWTools.m in Sources */,
				9EC72A3128D8394F00494A74 /* MBProgressHUD+ShowMessage.m in Sources */,
				9E2DF81F28B2225500B0C9DA /* BWFileManager.m in Sources */,
				9E1F21A228E16A6300C5041B /* HBaseMenuVC.m in Sources */,
				9E2DF80A28B2219300B0C9DA /* BaseVC.m in Sources */,
				9E8344BB28C7913E00AB9D83 /* BWCheckTokenResp.m in Sources */,
				9E17D1CB28EDADD6005FA5A9 /* HDestnationModel.m in Sources */,
				9E17D1FA28F03B83005FA5A9 /* BWStudentLocationResp.m in Sources */,
			);
			runOnlyForDeploymentPostprocessing = 0;
		};
/* End PBXSourcesBuildPhase section */

/* Begin PBXVariantGroup section */
		9E0B547128B21E620026CD86 /* Main.storyboard */ = {
			isa = PBXVariantGroup;
			children = (
				9E0B547228B21E620026CD86 /* Base */,
				9EC72A1D28D833A400494A74 /* ja */,
				9EC72A2B28D836A200494A74 /* zh-Hans */,
			);
			name = Main.storyboard;
			sourceTree = "<group>";
		};
		9E0B547628B21E660026CD86 /* LaunchScreen.storyboard */ = {
			isa = PBXVariantGroup;
			children = (
				9E0B547728B21E660026CD86 /* Base */,
				9EC72A1E28D833A400494A74 /* ja */,
				9EC72A2C28D836A200494A74 /* zh-Hans */,
			);
			name = LaunchScreen.storyboard;
			sourceTree = "<group>";
		};
		9EC72A2328D8349A00494A74 /* InfoPlist.strings */ = {
			isa = PBXVariantGroup;
			children = (
				9EC72A2228D8349A00494A74 /* ja */,
				9EC72A2428D8349D00494A74 /* en */,
				9EC72A2D28D836A200494A74 /* zh-Hans */,
			);
			name = InfoPlist.strings;
			sourceTree = "<group>";
		};
		9EC72A2928D8357A00494A74 /* Localizable.strings */ = {
			isa = PBXVariantGroup;
			children = (
				9EC72A2828D8357A00494A74 /* ja */,
				9EC72A2A28D8357C00494A74 /* en */,
				9EC72A2E28D836A200494A74 /* zh-Hans */,
			);
			name = Localizable.strings;
			sourceTree = "<group>";
		};
/* End PBXVariantGroup section */

/* Begin XCBuildConfiguration section */
		9E0B547C28B21E660026CD86 /* Debug */ = {
			isa = XCBuildConfiguration;
			buildSettings = {
				ALWAYS_SEARCH_USER_PATHS = NO;
				CLANG_ANALYZER_LOCALIZABILITY_NONLOCALIZED = YES;
				CLANG_ANALYZER_NONNULL = YES;
				CLANG_ANALYZER_NUMBER_OBJECT_CONVERSION = YES_AGGRESSIVE;
				CLANG_CXX_LANGUAGE_STANDARD = "gnu++17";
				CLANG_CXX_LIBRARY = "libc++";
				CLANG_ENABLE_MODULES = YES;
				CLANG_ENABLE_OBJC_ARC = YES;
				CLANG_ENABLE_OBJC_WEAK = YES;
				CLANG_WARN_BLOCK_CAPTURE_AUTORELEASING = YES;
				CLANG_WARN_BOOL_CONVERSION = YES;
				CLANG_WARN_COMMA = YES;
				CLANG_WARN_CONSTANT_CONVERSION = YES;
				CLANG_WARN_DEPRECATED_OBJC_IMPLEMENTATIONS = YES;
				CLANG_WARN_DIRECT_OBJC_ISA_USAGE = YES_ERROR;
				CLANG_WARN_DOCUMENTATION_COMMENTS = YES;
				CLANG_WARN_EMPTY_BODY = YES;
				CLANG_WARN_ENUM_CONVERSION = YES;
				CLANG_WARN_INFINITE_RECURSION = YES;
				CLANG_WARN_INT_CONVERSION = YES;
				CLANG_WARN_NON_LITERAL_NULL_CONVERSION = YES;
				CLANG_WARN_OBJC_IMPLICIT_RETAIN_SELF = YES;
				CLANG_WARN_OBJC_LITERAL_CONVERSION = YES;
				CLANG_WARN_OBJC_ROOT_CLASS = YES_ERROR;
				CLANG_WARN_QUOTED_INCLUDE_IN_FRAMEWORK_HEADER = YES;
				CLANG_WARN_RANGE_LOOP_ANALYSIS = YES;
				CLANG_WARN_STRICT_PROTOTYPES = YES;
				CLANG_WARN_SUSPICIOUS_MOVE = YES;
				CLANG_WARN_UNGUARDED_AVAILABILITY = YES_AGGRESSIVE;
				CLANG_WARN_UNREACHABLE_CODE = YES;
				CLANG_WARN__DUPLICATE_METHOD_MATCH = YES;
				COPY_PHASE_STRIP = NO;
				DEBUG_INFORMATION_FORMAT = dwarf;
				ENABLE_STRICT_OBJC_MSGSEND = YES;
				ENABLE_TESTABILITY = YES;
				GCC_C_LANGUAGE_STANDARD = gnu11;
				GCC_DYNAMIC_NO_PIC = NO;
				GCC_NO_COMMON_BLOCKS = YES;
				GCC_OPTIMIZATION_LEVEL = 0;
				GCC_PREPROCESSOR_DEFINITIONS = (
					"DEBUG=1",
					"$(inherited)",
				);
				GCC_WARN_64_TO_32_BIT_CONVERSION = YES;
				GCC_WARN_ABOUT_RETURN_TYPE = YES_ERROR;
				GCC_WARN_UNDECLARED_SELECTOR = YES;
				GCC_WARN_UNINITIALIZED_AUTOS = YES_AGGRESSIVE;
				GCC_WARN_UNUSED_FUNCTION = YES;
				GCC_WARN_UNUSED_VARIABLE = YES;
				IPHONEOS_DEPLOYMENT_TARGET = 15.2;
				MTL_ENABLE_DEBUG_INFO = INCLUDE_SOURCE;
				MTL_FAST_MATH = YES;
				ONLY_ACTIVE_ARCH = YES;
				SDKROOT = iphoneos;
			};
			name = Debug;
		};
		9E0B547D28B21E660026CD86 /* Release */ = {
			isa = XCBuildConfiguration;
			buildSettings = {
				ALWAYS_SEARCH_USER_PATHS = NO;
				CLANG_ANALYZER_LOCALIZABILITY_NONLOCALIZED = YES;
				CLANG_ANALYZER_NONNULL = YES;
				CLANG_ANALYZER_NUMBER_OBJECT_CONVERSION = YES_AGGRESSIVE;
				CLANG_CXX_LANGUAGE_STANDARD = "gnu++17";
				CLANG_CXX_LIBRARY = "libc++";
				CLANG_ENABLE_MODULES = YES;
				CLANG_ENABLE_OBJC_ARC = YES;
				CLANG_ENABLE_OBJC_WEAK = YES;
				CLANG_WARN_BLOCK_CAPTURE_AUTORELEASING = YES;
				CLANG_WARN_BOOL_CONVERSION = YES;
				CLANG_WARN_COMMA = YES;
				CLANG_WARN_CONSTANT_CONVERSION = YES;
				CLANG_WARN_DEPRECATED_OBJC_IMPLEMENTATIONS = YES;
				CLANG_WARN_DIRECT_OBJC_ISA_USAGE = YES_ERROR;
				CLANG_WARN_DOCUMENTATION_COMMENTS = YES;
				CLANG_WARN_EMPTY_BODY = YES;
				CLANG_WARN_ENUM_CONVERSION = YES;
				CLANG_WARN_INFINITE_RECURSION = YES;
				CLANG_WARN_INT_CONVERSION = YES;
				CLANG_WARN_NON_LITERAL_NULL_CONVERSION = YES;
				CLANG_WARN_OBJC_IMPLICIT_RETAIN_SELF = YES;
				CLANG_WARN_OBJC_LITERAL_CONVERSION = YES;
				CLANG_WARN_OBJC_ROOT_CLASS = YES_ERROR;
				CLANG_WARN_QUOTED_INCLUDE_IN_FRAMEWORK_HEADER = YES;
				CLANG_WARN_RANGE_LOOP_ANALYSIS = YES;
				CLANG_WARN_STRICT_PROTOTYPES = YES;
				CLANG_WARN_SUSPICIOUS_MOVE = YES;
				CLANG_WARN_UNGUARDED_AVAILABILITY = YES_AGGRESSIVE;
				CLANG_WARN_UNREACHABLE_CODE = YES;
				CLANG_WARN__DUPLICATE_METHOD_MATCH = YES;
				COPY_PHASE_STRIP = NO;
				DEBUG_INFORMATION_FORMAT = "dwarf-with-dsym";
				ENABLE_NS_ASSERTIONS = NO;
				ENABLE_STRICT_OBJC_MSGSEND = YES;
				GCC_C_LANGUAGE_STANDARD = gnu11;
				GCC_NO_COMMON_BLOCKS = YES;
				GCC_WARN_64_TO_32_BIT_CONVERSION = YES;
				GCC_WARN_ABOUT_RETURN_TYPE = YES_ERROR;
				GCC_WARN_UNDECLARED_SELECTOR = YES;
				GCC_WARN_UNINITIALIZED_AUTOS = YES_AGGRESSIVE;
				GCC_WARN_UNUSED_FUNCTION = YES;
				GCC_WARN_UNUSED_VARIABLE = YES;
				IPHONEOS_DEPLOYMENT_TARGET = 15.2;
				MTL_ENABLE_DEBUG_INFO = NO;
				MTL_FAST_MATH = YES;
				SDKROOT = iphoneos;
				VALIDATE_PRODUCT = YES;
			};
			name = Release;
		};
		9E0B547F28B21E660026CD86 /* Debug */ = {
			isa = XCBuildConfiguration;
			baseConfigurationReference = 9640EDA3F4B6876B5095B9E8 /* Pods-Hikids.debug.xcconfig */;
			buildSettings = {
				ASSETCATALOG_COMPILER_APPICON_NAME = AppIcon;
				ASSETCATALOG_COMPILER_GLOBAL_ACCENT_COLOR_NAME = AccentColor;
				ASSETCATALOG_COMPILER_INCLUDE_ALL_APPICON_ASSETS = NO;
				ASSETCATALOG_COMPILER_LAUNCHIMAGE_NAME = LaunchImage;
				CODE_SIGN_IDENTITY = "iPhone Developer";
				CODE_SIGN_STYLE = Manual;
				CURRENT_PROJECT_VERSION = 1;
				DEVELOPMENT_TEAM = 87MRKC73D2;
				GCC_PREFIX_HEADER = "$(SRCROOT)/HIkids/Hikids.pch";
				GENERATE_INFOPLIST_FILE = YES;
				INFOPLIST_FILE = Hikids/Info.plist;
				INFOPLIST_KEY_NSBluetoothAlwaysUsageDescription = "访问蓝牙权限以用于设备数据读取和发送";
				INFOPLIST_KEY_NSBluetoothPeripheralUsageDescription = "访问蓝牙权限以用于设备数据读取和发送";
				INFOPLIST_KEY_NSCameraUsageDescription = "需要修改用户头像功能，是否允许此App使用你的相机？";
				INFOPLIST_KEY_NSLocalNetworkUsageDescription = "需要局域网权限用来播放本地离线视频，是否允许使用？";
				INFOPLIST_KEY_NSLocationAlwaysAndWhenInUseUsageDescription = "App需要获取定位权限来选择您的地址";
				INFOPLIST_KEY_NSLocationAlwaysUsageDescription = "App需要获取定位权限来选择您的地址";
				INFOPLIST_KEY_NSPhotoLibraryAddUsageDescription = "需要保存图片，是否允许此App使用你的图片库？";
				INFOPLIST_KEY_NSPhotoLibraryUsageDescription = "需要修改用户头像或者反馈功能，是否允许此App访问你的媒体资料库？";
				INFOPLIST_KEY_NSUserTrackingUsageDescription = "需要使用您的设备ID，用来进行bug统计及app数据分析";
				INFOPLIST_KEY_UIApplicationSupportsIndirectInputEvents = YES;
				INFOPLIST_KEY_UIRequiredDeviceCapabilities = armv7;
				INFOPLIST_KEY_UIRequiresFullScreen = YES;
				INFOPLIST_KEY_UISupportedInterfaceOrientations = UIInterfaceOrientationPortrait;
				INFOPLIST_KEY_UISupportedInterfaceOrientations_iPad = "UIInterfaceOrientationPortrait UIInterfaceOrientationPortraitUpsideDown UIInterfaceOrientationLandscapeLeft UIInterfaceOrientationLandscapeRight";
				INFOPLIST_KEY_UISupportedInterfaceOrientations_iPhone = "UIInterfaceOrientationPortrait UIInterfaceOrientationLandscapeLeft UIInterfaceOrientationLandscapeRight";
				INFOPLIST_KEY_UIUserInterfaceStyle = Light;
				IPHONEOS_DEPLOYMENT_TARGET = 9.0;
				LD_RUNPATH_SEARCH_PATHS = (
					"$(inherited)",
					"@executable_path/Frameworks",
				);
				MARKETING_VERSION = 1.0;
				PRODUCT_BUNDLE_IDENTIFIER = "com.yohaku-bunka.hikids";
				PRODUCT_NAME = "$(TARGET_NAME)";
				PROVISIONING_PROFILE_SPECIFIER = hikids_dev;
				SWIFT_EMIT_LOC_STRINGS = YES;
				TARGETED_DEVICE_FAMILY = 1;
			};
			name = Debug;
		};
		9E0B548028B21E660026CD86 /* Release */ = {
			isa = XCBuildConfiguration;
			baseConfigurationReference = 33281BEE1161C470B4E9D572 /* Pods-Hikids.release.xcconfig */;
			buildSettings = {
				ASSETCATALOG_COMPILER_APPICON_NAME = AppIcon;
				ASSETCATALOG_COMPILER_GLOBAL_ACCENT_COLOR_NAME = AccentColor;
				ASSETCATALOG_COMPILER_INCLUDE_ALL_APPICON_ASSETS = NO;
				ASSETCATALOG_COMPILER_LAUNCHIMAGE_NAME = LaunchImage;
				CODE_SIGN_IDENTITY = "iPhone Developer";
				CODE_SIGN_STYLE = Manual;
				CURRENT_PROJECT_VERSION = 1;
				DEVELOPMENT_TEAM = 87MRKC73D2;
				GCC_PREFIX_HEADER = "$(SRCROOT)/HIkids/Hikids.pch";
				GENERATE_INFOPLIST_FILE = YES;
				INFOPLIST_FILE = Hikids/Info.plist;
				INFOPLIST_KEY_NSBluetoothAlwaysUsageDescription = "访问蓝牙权限以用于设备数据读取和发送";
				INFOPLIST_KEY_NSBluetoothPeripheralUsageDescription = "访问蓝牙权限以用于设备数据读取和发送";
				INFOPLIST_KEY_NSCameraUsageDescription = "需要修改用户头像功能，是否允许此App使用你的相机？";
				INFOPLIST_KEY_NSLocalNetworkUsageDescription = "需要局域网权限用来播放本地离线视频，是否允许使用？";
				INFOPLIST_KEY_NSLocationAlwaysAndWhenInUseUsageDescription = "App需要获取定位权限来选择您的地址";
				INFOPLIST_KEY_NSLocationAlwaysUsageDescription = "App需要获取定位权限来选择您的地址";
				INFOPLIST_KEY_NSPhotoLibraryAddUsageDescription = "需要保存图片，是否允许此App使用你的图片库？";
				INFOPLIST_KEY_NSPhotoLibraryUsageDescription = "需要修改用户头像或者反馈功能，是否允许此App访问你的媒体资料库？";
				INFOPLIST_KEY_NSUserTrackingUsageDescription = "需要使用您的设备ID，用来进行bug统计及app数据分析";
				INFOPLIST_KEY_UIApplicationSupportsIndirectInputEvents = YES;
				INFOPLIST_KEY_UIRequiredDeviceCapabilities = armv7;
				INFOPLIST_KEY_UIRequiresFullScreen = YES;
				INFOPLIST_KEY_UISupportedInterfaceOrientations = UIInterfaceOrientationPortrait;
				INFOPLIST_KEY_UISupportedInterfaceOrientations_iPad = "UIInterfaceOrientationPortrait UIInterfaceOrientationPortraitUpsideDown UIInterfaceOrientationLandscapeLeft UIInterfaceOrientationLandscapeRight";
				INFOPLIST_KEY_UISupportedInterfaceOrientations_iPhone = "UIInterfaceOrientationPortrait UIInterfaceOrientationLandscapeLeft UIInterfaceOrientationLandscapeRight";
				INFOPLIST_KEY_UIUserInterfaceStyle = Light;
				IPHONEOS_DEPLOYMENT_TARGET = 9.0;
				LD_RUNPATH_SEARCH_PATHS = (
					"$(inherited)",
					"@executable_path/Frameworks",
				);
				MARKETING_VERSION = 1.0;
				PRODUCT_BUNDLE_IDENTIFIER = "com.yohaku-bunka.hikids";
				PRODUCT_NAME = "$(TARGET_NAME)";
				PROVISIONING_PROFILE_SPECIFIER = hikids_dev;
				SWIFT_EMIT_LOC_STRINGS = YES;
				TARGETED_DEVICE_FAMILY = 1;
			};
			name = Release;
		};
/* End XCBuildConfiguration section */

/* Begin XCConfigurationList section */
		9E0B546028B21E620026CD86 /* Build configuration list for PBXProject "Hikids" */ = {
			isa = XCConfigurationList;
			buildConfigurations = (
				9E0B547C28B21E660026CD86 /* Debug */,
				9E0B547D28B21E660026CD86 /* Release */,
			);
			defaultConfigurationIsVisible = 0;
			defaultConfigurationName = Release;
		};
		9E0B547E28B21E660026CD86 /* Build configuration list for PBXNativeTarget "Hikids" */ = {
			isa = XCConfigurationList;
			buildConfigurations = (
				9E0B547F28B21E660026CD86 /* Debug */,
				9E0B548028B21E660026CD86 /* Release */,
			);
			defaultConfigurationIsVisible = 0;
			defaultConfigurationName = Release;
		};
/* End XCConfigurationList section */
	};
	rootObject = 9E0B545D28B21E620026CD86 /* Project object */;
}
